// !$*UTF8*$!
{
	archiveVersion = 1;
	classes = {
	};
	objectVersion = 52;
	objects = {

/* Begin PBXBuildFile section */
		A70247611BC56A000070DACA /* Kvitto.h in Headers */ = {isa = PBXBuildFile; fileRef = A7D95B091BC437F700AB8A21 /* Kvitto.h */; settings = {ATTRIBUTES = (Public, ); }; };
		A70247D91BC577520070DACA /* Assets.xcassets in Resources */ = {isa = PBXBuildFile; fileRef = A70247C51BC5771E0070DACA /* Assets.xcassets */; };
		A70247DA1BC577560070DACA /* LaunchScreen.storyboard in Resources */ = {isa = PBXBuildFile; fileRef = A70247C61BC5771E0070DACA /* LaunchScreen.storyboard */; };
		A70247DB1BC5775E0070DACA /* Main.storyboard in Resources */ = {isa = PBXBuildFile; fileRef = A70247C81BC5771F0070DACA /* Main.storyboard */; };
		A70247DC1BC5789A0070DACA /* sandboxReceipt in Resources */ = {isa = PBXBuildFile; fileRef = A79544771BC3FC5D00EC73B1 /* sandboxReceipt */; };
		A70247DD1BC578BC0070DACA /* ViewController.m in Sources */ = {isa = PBXBuildFile; fileRef = A70247CF1BC5771F0070DACA /* ViewController.m */; };
		A70247DE1BC578C40070DACA /* main.m in Sources */ = {isa = PBXBuildFile; fileRef = A70247CD1BC5771F0070DACA /* main.m */; };
		A70247DF1BC578C70070DACA /* AppDelegate.m in Sources */ = {isa = PBXBuildFile; fileRef = A70247CC1BC5771F0070DACA /* AppDelegate.m */; };
		A79544951BC3FC7F00EC73B1 /* Receipt.swift in Sources */ = {isa = PBXBuildFile; fileRef = A79544941BC3FC7F00EC73B1 /* Receipt.swift */; };
		A795449A1BC3FFB900EC73B1 /* sandboxReceipt in Resources */ = {isa = PBXBuildFile; fileRef = A79544771BC3FC5D00EC73B1 /* sandboxReceipt */; };
		A7BEDD541BC57E4A00A4BFAB /* newReceipt in Resources */ = {isa = PBXBuildFile; fileRef = A7BEDD531BC57E4A00A4BFAB /* newReceipt */; };
		A7BEDD611BC589DF00A4BFAB /* receipt in Resources */ = {isa = PBXBuildFile; fileRef = A7E815E21BC531AB00127748 /* receipt */; };
		A7BEDD7D1BC58AB000A4BFAB /* newReceipt in Resources */ = {isa = PBXBuildFile; fileRef = A7BEDD531BC57E4A00A4BFAB /* newReceipt */; };
		A7BEDD7E1BC58DCC00A4BFAB /* KvittoTests.swift in Sources */ = {isa = PBXBuildFile; fileRef = A7D95B101BC438D200AB8A21 /* KvittoTests.swift */; };
		A7C39DF4253A492900D9DCB3 /* Kvitto in Frameworks */ = {isa = PBXBuildFile; productRef = A7C39DF3253A492900D9DCB3 /* Kvitto */; };
		A7C39DFD253A498600D9DCB3 /*  in Embed Frameworks */ = {isa = PBXBuildFile; fileRef = A7CC84B9252E10C60056BC22 /*  */; };
		A7C39E03253A49B500D9DCB3 /* Kvitto in Frameworks */ = {isa = PBXBuildFile; productRef = A7C39E02253A49B500D9DCB3 /* Kvitto */; };
		A7D95B151BC4FA9000AB8A21 /* InAppPurchaseReceipt.swift in Sources */ = {isa = PBXBuildFile; fileRef = A7D95B141BC4FA9000AB8A21 /* InAppPurchaseReceipt.swift */; };
		A7E7B6902539DF7C005B1EDA /* storeKitTestReceipt in Resources */ = {isa = PBXBuildFile; fileRef = A7E7B68F2539DF7C005B1EDA /* storeKitTestReceipt */; };
		A7E7B7132539E17C005B1EDA /* storeKitTestReceipt in Resources */ = {isa = PBXBuildFile; fileRef = A7E7B6932539DFFF005B1EDA /* storeKitTestReceipt */; };
		A7E8161C1BC5390C00127748 /* Functions.swift in Sources */ = {isa = PBXBuildFile; fileRef = A7E8161B1BC5390C00127748 /* Functions.swift */; };
		A7FEE9C01BC408E2002F8464 /* PKCS7Container.swift in Sources */ = {isa = PBXBuildFile; fileRef = A7FEE9BF1BC408E2002F8464 /* PKCS7Container.swift */; };
/* End PBXBuildFile section */

/* Begin PBXCopyFilesBuildPhase section */
		A70247C01BC576480070DACA /* Embed Frameworks */ = {
			isa = PBXCopyFilesBuildPhase;
			buildActionMask = 2147483647;
			dstPath = "";
			dstSubfolderSpec = 10;
			files = (
				A7C39DFD253A498600D9DCB3 /*  in Embed Frameworks */,
			);
			name = "Embed Frameworks";
			runOnlyForDeploymentPostprocessing = 0;
		};
/* End PBXCopyFilesBuildPhase section */

/* Begin PBXFileReference section */
		A70247891BC5763D0070DACA /* KvittoDemo.app */ = {isa = PBXFileReference; explicitFileType = wrapper.application; includeInIndex = 0; path = KvittoDemo.app; sourceTree = BUILT_PRODUCTS_DIR; };
		A70247C31BC5771E0070DACA /* Info.plist */ = {isa = PBXFileReference; fileEncoding = 4; lastKnownFileType = text.plist.xml; path = Info.plist; sourceTree = "<group>"; };
		A70247C51BC5771E0070DACA /* Assets.xcassets */ = {isa = PBXFileReference; lastKnownFileType = folder.assetcatalog; path = Assets.xcassets; sourceTree = "<group>"; };
		A70247C71BC5771E0070DACA /* Base */ = {isa = PBXFileReference; lastKnownFileType = file.storyboard; name = Base; path = Base.lproj/LaunchScreen.storyboard; sourceTree = "<group>"; };
		A70247C91BC5771F0070DACA /* Base */ = {isa = PBXFileReference; lastKnownFileType = file.storyboard; name = Base; path = Base.lproj/Main.storyboard; sourceTree = "<group>"; };
		A70247CB1BC5771F0070DACA /* AppDelegate.h */ = {isa = PBXFileReference; fileEncoding = 4; lastKnownFileType = sourcecode.c.h; path = AppDelegate.h; sourceTree = "<group>"; };
		A70247CC1BC5771F0070DACA /* AppDelegate.m */ = {isa = PBXFileReference; fileEncoding = 4; lastKnownFileType = sourcecode.c.objc; path = AppDelegate.m; sourceTree = "<group>"; };
		A70247CD1BC5771F0070DACA /* main.m */ = {isa = PBXFileReference; fileEncoding = 4; lastKnownFileType = sourcecode.c.objc; path = main.m; sourceTree = "<group>"; };
		A70247CE1BC5771F0070DACA /* ViewController.h */ = {isa = PBXFileReference; fileEncoding = 4; lastKnownFileType = sourcecode.c.h; path = ViewController.h; sourceTree = "<group>"; };
		A70247CF1BC5771F0070DACA /* ViewController.m */ = {isa = PBXFileReference; fileEncoding = 4; lastKnownFileType = sourcecode.c.objc; path = ViewController.m; sourceTree = "<group>"; };
		A795445C1BC3FC1600EC73B1 /* Kvitto.framework */ = {isa = PBXFileReference; explicitFileType = wrapper.framework; includeInIndex = 0; path = Kvitto.framework; sourceTree = BUILT_PRODUCTS_DIR; };
		A79544651BC3FC1600EC73B1 /* Unit Tests.xctest */ = {isa = PBXFileReference; explicitFileType = wrapper.cfbundle; includeInIndex = 0; path = "Unit Tests.xctest"; sourceTree = BUILT_PRODUCTS_DIR; };
		A79544771BC3FC5D00EC73B1 /* sandboxReceipt */ = {isa = PBXFileReference; lastKnownFileType = file; path = sandboxReceipt; sourceTree = "<group>"; };
		A79544941BC3FC7F00EC73B1 /* Receipt.swift */ = {isa = PBXFileReference; fileEncoding = 4; lastKnownFileType = sourcecode.swift; path = Receipt.swift; sourceTree = "<group>"; };
		A7BEDD531BC57E4A00A4BFAB /* newReceipt */ = {isa = PBXFileReference; lastKnownFileType = file; path = newReceipt; sourceTree = "<group>"; };
		A7CC84B9252E10C60056BC22 /*  */ = {isa = PBXFileReference; lastKnownFileType = folder; name = ""; sourceTree = SOURCE_ROOT; };
		A7D95B091BC437F700AB8A21 /* Kvitto.h */ = {isa = PBXFileReference; lastKnownFileType = sourcecode.c.h; path = Kvitto.h; sourceTree = "<group>"; };
		A7D95B0A1BC437F700AB8A21 /* Info.plist */ = {isa = PBXFileReference; lastKnownFileType = text.plist.xml; path = Info.plist; sourceTree = "<group>"; };
		A7D95B0B1BC4387A00AB8A21 /* Info.plist */ = {isa = PBXFileReference; lastKnownFileType = text.plist.xml; path = Info.plist; sourceTree = "<group>"; };
		A7D95B101BC438D200AB8A21 /* KvittoTests.swift */ = {isa = PBXFileReference; fileEncoding = 4; lastKnownFileType = sourcecode.swift; path = KvittoTests.swift; sourceTree = "<group>"; };
		A7D95B141BC4FA9000AB8A21 /* InAppPurchaseReceipt.swift */ = {isa = PBXFileReference; fileEncoding = 4; lastKnownFileType = sourcecode.swift; path = InAppPurchaseReceipt.swift; sourceTree = "<group>"; };
		A7E7B68F2539DF7C005B1EDA /* storeKitTestReceipt */ = {isa = PBXFileReference; lastKnownFileType = file; name = storeKitTestReceipt; path = ../../../../Desktop/storeKitTestReceipt; sourceTree = "<group>"; };
		A7E7B6932539DFFF005B1EDA /* storeKitTestReceipt */ = {isa = PBXFileReference; lastKnownFileType = file; path = storeKitTestReceipt; sourceTree = "<group>"; };
		A7E815E21BC531AB00127748 /* receipt */ = {isa = PBXFileReference; lastKnownFileType = file; path = receipt; sourceTree = "<group>"; };
		A7E8161B1BC5390C00127748 /* Functions.swift */ = {isa = PBXFileReference; fileEncoding = 4; lastKnownFileType = sourcecode.swift; path = Functions.swift; sourceTree = "<group>"; };
		A7FEE9BF1BC408E2002F8464 /* PKCS7Container.swift */ = {isa = PBXFileReference; fileEncoding = 4; lastKnownFileType = sourcecode.swift; path = PKCS7Container.swift; sourceTree = "<group>"; };
/* End PBXFileReference section */

/* Begin PBXFrameworksBuildPhase section */
		A70247861BC5763D0070DACA /* Frameworks */ = {
			isa = PBXFrameworksBuildPhase;
			buildActionMask = 2147483647;
			files = (
				A7C39DF4253A492900D9DCB3 /* Kvitto in Frameworks */,
			);
			runOnlyForDeploymentPostprocessing = 0;
		};
		A79544581BC3FC1600EC73B1 /* Frameworks */ = {
			isa = PBXFrameworksBuildPhase;
			buildActionMask = 2147483647;
			files = (
			);
			runOnlyForDeploymentPostprocessing = 0;
		};
		A79544621BC3FC1600EC73B1 /* Frameworks */ = {
			isa = PBXFrameworksBuildPhase;
			buildActionMask = 2147483647;
			files = (
				A7C39E03253A49B500D9DCB3 /* Kvitto in Frameworks */,
			);
			runOnlyForDeploymentPostprocessing = 0;
		};
/* End PBXFrameworksBuildPhase section */

/* Begin PBXGroup section */
		A70247C21BC5771E0070DACA /* Demo */ = {
			isa = PBXGroup;
			children = (
				A70247C31BC5771E0070DACA /* Info.plist */,
				A70247C41BC5771E0070DACA /* Resources */,
				A70247CA1BC5771F0070DACA /* Source */,
			);
			path = Demo;
			sourceTree = "<group>";
		};
		A70247C41BC5771E0070DACA /* Resources */ = {
			isa = PBXGroup;
			children = (
				A7E7B68F2539DF7C005B1EDA /* storeKitTestReceipt */,
				A7BEDD531BC57E4A00A4BFAB /* newReceipt */,
				A70247C51BC5771E0070DACA /* Assets.xcassets */,
				A70247C61BC5771E0070DACA /* LaunchScreen.storyboard */,
				A70247C81BC5771F0070DACA /* Main.storyboard */,
			);
			path = Resources;
			sourceTree = "<group>";
		};
		A70247CA1BC5771F0070DACA /* Source */ = {
			isa = PBXGroup;
			children = (
				A70247CB1BC5771F0070DACA /* AppDelegate.h */,
				A70247CC1BC5771F0070DACA /* AppDelegate.m */,
				A70247CD1BC5771F0070DACA /* main.m */,
				A70247CE1BC5771F0070DACA /* ViewController.h */,
				A70247CF1BC5771F0070DACA /* ViewController.m */,
			);
			path = Source;
			sourceTree = "<group>";
		};
		A79541B81BC3FA2000EC73B1 = {
			isa = PBXGroup;
			children = (
				A7CC84B9252E10C60056BC22 /*  */,
				A79544791BC3FC5D00EC73B1 /* Core */,
				A70247C21BC5771E0070DACA /* Demo */,
				A79544731BC3FC5D00EC73B1 /* Test */,
				A79541D61BC3FAC300EC73B1 /* Externals */,
				A79541C21BC3FA2000EC73B1 /* Products */,
				A7E7B70F2539E13F005B1EDA /* Frameworks */,
			);
			sourceTree = "<group>";
		};
		A79541C21BC3FA2000EC73B1 /* Products */ = {
			isa = PBXGroup;
			children = (
				A795445C1BC3FC1600EC73B1 /* Kvitto.framework */,
				A79544651BC3FC1600EC73B1 /* Unit Tests.xctest */,
				A70247891BC5763D0070DACA /* KvittoDemo.app */,
			);
			name = Products;
			sourceTree = "<group>";
		};
		A79541D61BC3FAC300EC73B1 /* Externals */ = {
			isa = PBXGroup;
			children = (
			);
			path = Externals;
			sourceTree = "<group>";
		};
		A79544731BC3FC5D00EC73B1 /* Test */ = {
			isa = PBXGroup;
			children = (
				A7D95B0B1BC4387A00AB8A21 /* Info.plist */,
				A79544961BC3FE5A00EC73B1 /* Source */,
				A79544751BC3FC5D00EC73B1 /* Resources */,
			);
			path = Test;
			sourceTree = "<group>";
		};
		A79544751BC3FC5D00EC73B1 /* Resources */ = {
			isa = PBXGroup;
			children = (
				A7E7B6932539DFFF005B1EDA /* storeKitTestReceipt */,
				A7E815E21BC531AB00127748 /* receipt */,
				A79544771BC3FC5D00EC73B1 /* sandboxReceipt */,
			);
			path = Resources;
			sourceTree = "<group>";
		};
		A79544791BC3FC5D00EC73B1 /* Core */ = {
			isa = PBXGroup;
			children = (
				A7D95B091BC437F700AB8A21 /* Kvitto.h */,
				A7D95B0A1BC437F700AB8A21 /* Info.plist */,
				A795447C1BC3FC5D00EC73B1 /* Source */,
			);
			path = Core;
			sourceTree = "<group>";
		};
		A795447C1BC3FC5D00EC73B1 /* Source */ = {
			isa = PBXGroup;
			children = (
				A7FEE9BF1BC408E2002F8464 /* PKCS7Container.swift */,
				A7D95B141BC4FA9000AB8A21 /* InAppPurchaseReceipt.swift */,
				A79544941BC3FC7F00EC73B1 /* Receipt.swift */,
				A7E8161B1BC5390C00127748 /* Functions.swift */,
			);
			path = Source;
			sourceTree = "<group>";
		};
		A79544961BC3FE5A00EC73B1 /* Source */ = {
			isa = PBXGroup;
			children = (
				A7D95B101BC438D200AB8A21 /* KvittoTests.swift */,
			);
			path = Source;
			sourceTree = "<group>";
		};
		A7E7B70F2539E13F005B1EDA /* Frameworks */ = {
			isa = PBXGroup;
			children = (
			);
			name = Frameworks;
			sourceTree = "<group>";
		};
/* End PBXGroup section */

/* Begin PBXHeadersBuildPhase section */
		A79544591BC3FC1600EC73B1 /* Headers */ = {
			isa = PBXHeadersBuildPhase;
			buildActionMask = 2147483647;
			files = (
				A70247611BC56A000070DACA /* Kvitto.h in Headers */,
			);
			runOnlyForDeploymentPostprocessing = 0;
		};
/* End PBXHeadersBuildPhase section */

/* Begin PBXNativeTarget section */
		A70247881BC5763D0070DACA /* Demo (iOS) */ = {
			isa = PBXNativeTarget;
			buildConfigurationList = A70247BB1BC5763D0070DACA /* Build configuration list for PBXNativeTarget "Demo (iOS)" */;
			buildPhases = (
				A70247851BC5763D0070DACA /* Sources */,
				A70247861BC5763D0070DACA /* Frameworks */,
				A70247871BC5763D0070DACA /* Resources */,
				A70247C01BC576480070DACA /* Embed Frameworks */,
			);
			buildRules = (
			);
			dependencies = (
				A7C39DFC253A497D00D9DCB3 /* PBXTargetDependency */,
			);
			name = "Demo (iOS)";
			packageProductDependencies = (
				A7C39DF3253A492900D9DCB3 /* Kvitto */,
			);
			productName = "Kvitto Demo";
			productReference = A70247891BC5763D0070DACA /* KvittoDemo.app */;
			productType = "com.apple.product-type.application";
		};
		A795445B1BC3FC1600EC73B1 /* Kvitto */ = {
			isa = PBXNativeTarget;
			buildConfigurationList = A795446D1BC3FC1600EC73B1 /* Build configuration list for PBXNativeTarget "Kvitto" */;
			buildPhases = (
				A79544571BC3FC1600EC73B1 /* Sources */,
				A79544581BC3FC1600EC73B1 /* Frameworks */,
				A79544591BC3FC1600EC73B1 /* Headers */,
				A795445A1BC3FC1600EC73B1 /* Resources */,
			);
			buildRules = (
			);
			dependencies = (
			);
			name = Kvitto;
			packageProductDependencies = (
			);
			productName = DTSalesReceipt;
			productReference = A795445C1BC3FC1600EC73B1 /* Kvitto.framework */;
			productType = "com.apple.product-type.framework";
		};
		A79544641BC3FC1600EC73B1 /* Unit Tests */ = {
			isa = PBXNativeTarget;
			buildConfigurationList = A79544701BC3FC1600EC73B1 /* Build configuration list for PBXNativeTarget "Unit Tests" */;
			buildPhases = (
				A79544611BC3FC1600EC73B1 /* Sources */,
				A79544621BC3FC1600EC73B1 /* Frameworks */,
				A79544631BC3FC1600EC73B1 /* Resources */,
			);
			buildRules = (
			);
			dependencies = (
				A7C39E01253A49B000D9DCB3 /* PBXTargetDependency */,
			);
			name = "Unit Tests";
			packageProductDependencies = (
				A7C39E02253A49B500D9DCB3 /* Kvitto */,
			);
			productName = DTSalesReceiptTests;
			productReference = A79544651BC3FC1600EC73B1 /* Unit Tests.xctest */;
			productType = "com.apple.product-type.bundle.unit-test";
		};
/* End PBXNativeTarget section */

/* Begin PBXProject section */
		A79541B91BC3FA2000EC73B1 /* Project object */ = {
			isa = PBXProject;
			attributes = {
				LastUpgradeCheck = 1200;
				ORGANIZATIONNAME = "Oliver Drobnik";
				TargetAttributes = {
					A70247881BC5763D0070DACA = {
						CreatedOnToolsVersion = 7.0;
						DevelopmentTeam = Z7L2YCUH45;
						ProvisioningStyle = Automatic;
					};
					A795445B1BC3FC1600EC73B1 = {
						CreatedOnToolsVersion = 7.0;
						LastSwiftMigration = 1200;
					};
					A79544641BC3FC1600EC73B1 = {
						CreatedOnToolsVersion = 7.0;
						LastSwiftMigration = 1200;
					};
				};
			};
			buildConfigurationList = A79541BC1BC3FA2000EC73B1 /* Build configuration list for PBXProject "Kvitto" */;
			compatibilityVersion = "Xcode 3.2";
			developmentRegion = English;
			hasScannedForEncodings = 0;
			knownRegions = (
				English,
				en,
				Base,
			);
			mainGroup = A79541B81BC3FA2000EC73B1;
			packageReferences = (
				A7C5670F2514DEE200463F1B /* XCRemoteSwiftPackageReference "DTFoundation" */,
			);
			productRefGroup = A79541C21BC3FA2000EC73B1 /* Products */;
			projectDirPath = "";
			projectRoot = "";
			targets = (
				A795445B1BC3FC1600EC73B1 /* Kvitto */,
				A79544641BC3FC1600EC73B1 /* Unit Tests */,
				A70247881BC5763D0070DACA /* Demo (iOS) */,
			);
		};
/* End PBXProject section */

/* Begin PBXResourcesBuildPhase section */
		A70247871BC5763D0070DACA /* Resources */ = {
			isa = PBXResourcesBuildPhase;
			buildActionMask = 2147483647;
			files = (
				A7BEDD541BC57E4A00A4BFAB /* newReceipt in Resources */,
				A70247DB1BC5775E0070DACA /* Main.storyboard in Resources */,
				A70247DC1BC5789A0070DACA /* sandboxReceipt in Resources */,
				A70247D91BC577520070DACA /* Assets.xcassets in Resources */,
				A7E7B6902539DF7C005B1EDA /* storeKitTestReceipt in Resources */,
				A70247DA1BC577560070DACA /* LaunchScreen.storyboard in Resources */,
			);
			runOnlyForDeploymentPostprocessing = 0;
		};
		A795445A1BC3FC1600EC73B1 /* Resources */ = {
			isa = PBXResourcesBuildPhase;
			buildActionMask = 2147483647;
			files = (
			);
			runOnlyForDeploymentPostprocessing = 0;
		};
		A79544631BC3FC1600EC73B1 /* Resources */ = {
			isa = PBXResourcesBuildPhase;
			buildActionMask = 2147483647;
			files = (
				A7E7B7132539E17C005B1EDA /* storeKitTestReceipt in Resources */,
				A7BEDD7D1BC58AB000A4BFAB /* newReceipt in Resources */,
				A795449A1BC3FFB900EC73B1 /* sandboxReceipt in Resources */,
				A7BEDD611BC589DF00A4BFAB /* receipt in Resources */,
			);
			runOnlyForDeploymentPostprocessing = 0;
		};
/* End PBXResourcesBuildPhase section */

/* Begin PBXSourcesBuildPhase section */
		A70247851BC5763D0070DACA /* Sources */ = {
			isa = PBXSourcesBuildPhase;
			buildActionMask = 2147483647;
			files = (
				A70247DE1BC578C40070DACA /* main.m in Sources */,
				A70247DD1BC578BC0070DACA /* ViewController.m in Sources */,
				A70247DF1BC578C70070DACA /* AppDelegate.m in Sources */,
			);
			runOnlyForDeploymentPostprocessing = 0;
		};
		A79544571BC3FC1600EC73B1 /* Sources */ = {
			isa = PBXSourcesBuildPhase;
			buildActionMask = 2147483647;
			files = (
				A7FEE9C01BC408E2002F8464 /* PKCS7Container.swift in Sources */,
				A7D95B151BC4FA9000AB8A21 /* InAppPurchaseReceipt.swift in Sources */,
				A79544951BC3FC7F00EC73B1 /* Receipt.swift in Sources */,
				A7E8161C1BC5390C00127748 /* Functions.swift in Sources */,
			);
			runOnlyForDeploymentPostprocessing = 0;
		};
		A79544611BC3FC1600EC73B1 /* Sources */ = {
			isa = PBXSourcesBuildPhase;
			buildActionMask = 2147483647;
			files = (
				A7BEDD7E1BC58DCC00A4BFAB /* KvittoTests.swift in Sources */,
			);
			runOnlyForDeploymentPostprocessing = 0;
		};
/* End PBXSourcesBuildPhase section */

/* Begin PBXTargetDependency section */
		A7C39DFC253A497D00D9DCB3 /* PBXTargetDependency */ = {
			isa = PBXTargetDependency;
			productRef = A7C39DFB253A497D00D9DCB3 /* Kvitto */;
		};
		A7C39E01253A49B000D9DCB3 /* PBXTargetDependency */ = {
			isa = PBXTargetDependency;
			productRef = A7C39E00253A49B000D9DCB3 /* Kvitto */;
		};
/* End PBXTargetDependency section */

/* Begin PBXVariantGroup section */
		A70247C61BC5771E0070DACA /* LaunchScreen.storyboard */ = {
			isa = PBXVariantGroup;
			children = (
				A70247C71BC5771E0070DACA /* Base */,
			);
			name = LaunchScreen.storyboard;
			sourceTree = "<group>";
		};
		A70247C81BC5771F0070DACA /* Main.storyboard */ = {
			isa = PBXVariantGroup;
			children = (
				A70247C91BC5771F0070DACA /* Base */,
			);
			name = Main.storyboard;
			sourceTree = "<group>";
		};
/* End PBXVariantGroup section */

/* Begin XCBuildConfiguration section */
		A70247001BC55D4B0070DACA /* Coverage */ = {
			isa = XCBuildConfiguration;
			buildSettings = {
				ALWAYS_SEARCH_USER_PATHS = NO;
				CLANG_CXX_LANGUAGE_STANDARD = "gnu++0x";
				CLANG_CXX_LIBRARY = "libc++";
				CLANG_ENABLE_MODULES = YES;
				CLANG_ENABLE_OBJC_ARC = YES;
				CLANG_WARN_BLOCK_CAPTURE_AUTORELEASING = YES;
				CLANG_WARN_BOOL_CONVERSION = YES;
				CLANG_WARN_COMMA = YES;
				CLANG_WARN_CONSTANT_CONVERSION = YES;
				CLANG_WARN_DIRECT_OBJC_ISA_USAGE = YES_ERROR;
				CLANG_WARN_EMPTY_BODY = YES;
				CLANG_WARN_ENUM_CONVERSION = YES;
				CLANG_WARN_INFINITE_RECURSION = YES;
				CLANG_WARN_INT_CONVERSION = YES;
				CLANG_WARN_NON_LITERAL_NULL_CONVERSION = YES;
				CLANG_WARN_OBJC_LITERAL_CONVERSION = YES;
				CLANG_WARN_OBJC_ROOT_CLASS = YES_ERROR;
				CLANG_WARN_RANGE_LOOP_ANALYSIS = YES;
				CLANG_WARN_STRICT_PROTOTYPES = YES;
				CLANG_WARN_SUSPICIOUS_MOVE = YES;
				CLANG_WARN_UNREACHABLE_CODE = YES;
				CLANG_WARN__DUPLICATE_METHOD_MATCH = YES;
				"CODE_SIGN_IDENTITY[sdk=iphoneos*]" = "iPhone Developer";
				COPY_PHASE_STRIP = NO;
				CURRENT_PROJECT_VERSION = 1.0.4;
				DEBUG_INFORMATION_FORMAT = dwarf;
				ENABLE_STRICT_OBJC_MSGSEND = YES;
				ENABLE_TESTABILITY = YES;
				GCC_C_LANGUAGE_STANDARD = gnu99;
				GCC_DYNAMIC_NO_PIC = NO;
				GCC_GENERATE_TEST_COVERAGE_FILES = YES;
				GCC_INSTRUMENT_PROGRAM_FLOW_ARCS = YES;
				GCC_NO_COMMON_BLOCKS = YES;
				GCC_OPTIMIZATION_LEVEL = 0;
				GCC_PREPROCESSOR_DEFINITIONS = (
					"DEBUG=1",
					"$(inherited)",
				);
				GCC_WARN_64_TO_32_BIT_CONVERSION = YES;
				GCC_WARN_ABOUT_RETURN_TYPE = YES_ERROR;
				GCC_WARN_UNDECLARED_SELECTOR = YES;
				GCC_WARN_UNINITIALIZED_AUTOS = YES_AGGRESSIVE;
				GCC_WARN_UNUSED_FUNCTION = YES;
				GCC_WARN_UNUSED_VARIABLE = YES;
				IPHONEOS_DEPLOYMENT_TARGET = 9.0;
				MTL_ENABLE_DEBUG_INFO = YES;
				ONLY_ACTIVE_ARCH = YES;
				SDKROOT = iphoneos;
				SWIFT_OPTIMIZATION_LEVEL = "-Onone";
				TARGETED_DEVICE_FAMILY = "1,2";
			};
			name = Coverage;
		};
		A70247011BC55D4B0070DACA /* Coverage */ = {
			isa = XCBuildConfiguration;
			buildSettings = {
				"CODE_SIGN_IDENTITY[sdk=iphoneos*]" = "";
				DEFINES_MODULE = YES;
				DYLIB_COMPATIBILITY_VERSION = 1;
				DYLIB_CURRENT_VERSION = 1;
				DYLIB_INSTALL_NAME_BASE = "@rpath";
				INFOPLIST_FILE = Core/Info.plist;
				INSTALL_PATH = "$(LOCAL_LIBRARY_DIR)/Frameworks";
				LD_RUNPATH_SEARCH_PATHS = (
					"$(inherited)",
					"@executable_path/Frameworks",
					"@loader_path/Frameworks",
				);
				PRODUCT_BUNDLE_IDENTIFIER = Cocoanetics.DTSalesReceipt;
				PRODUCT_NAME = Kvitto;
				SKIP_INSTALL = YES;
				SWIFT_SWIFT3_OBJC_INFERENCE = Default;
				SWIFT_VERSION = 5.0;
				VERSIONING_SYSTEM = "apple-generic";
				VERSION_INFO_PREFIX = "";
			};
			name = Coverage;
		};
		A70247021BC55D4B0070DACA /* Coverage */ = {
			isa = XCBuildConfiguration;
			buildSettings = {
				INFOPLIST_FILE = Test/Info.plist;
				LD_RUNPATH_SEARCH_PATHS = (
					"$(inherited)",
					"@executable_path/Frameworks",
					"@loader_path/Frameworks",
				);
				PRODUCT_BUNDLE_IDENTIFIER = Cocoanetics.DTSalesReceiptTests;
				PRODUCT_NAME = "$(TARGET_NAME)";
				SWIFT_SWIFT3_OBJC_INFERENCE = Default;
				SWIFT_VERSION = 5.0;
			};
			name = Coverage;
		};
		A702479D1BC5763D0070DACA /* Debug */ = {
			isa = XCBuildConfiguration;
			buildSettings = {
				ALWAYS_EMBED_SWIFT_STANDARD_LIBRARIES = YES;
				ASSETCATALOG_COMPILER_APPICON_NAME = AppIcon;
				"CODE_SIGN_IDENTITY[sdk=iphoneos*]" = "iPhone Developer";
				DEVELOPMENT_TEAM = Z7L2YCUH45;
				INFOPLIST_FILE = Demo/Info.plist;
				LD_RUNPATH_SEARCH_PATHS = (
					"$(inherited)",
					"@executable_path/Frameworks",
				);
				PRODUCT_BUNDLE_IDENTIFIER = "Cocoanetics.Kvitto-Demo";
				PRODUCT_NAME = KvittoDemo;
				PROVISIONING_PROFILE = "";
				PROVISIONING_PROFILE_SPECIFIER = "";
			};
			name = Debug;
		};
		A702479E1BC5763D0070DACA /* Coverage */ = {
			isa = XCBuildConfiguration;
			buildSettings = {
				ALWAYS_EMBED_SWIFT_STANDARD_LIBRARIES = YES;
				ASSETCATALOG_COMPILER_APPICON_NAME = AppIcon;
				"CODE_SIGN_IDENTITY[sdk=iphoneos*]" = "iPhone Developer";
				DEVELOPMENT_TEAM = Z7L2YCUH45;
				INFOPLIST_FILE = Demo/Info.plist;
				LD_RUNPATH_SEARCH_PATHS = (
					"$(inherited)",
					"@executable_path/Frameworks",
				);
				PRODUCT_BUNDLE_IDENTIFIER = "Cocoanetics.Kvitto-Demo";
				PRODUCT_NAME = KvittoDemo;
				PROVISIONING_PROFILE = "";
				PROVISIONING_PROFILE_SPECIFIER = "";
			};
			name = Coverage;
		};
		A702479F1BC5763D0070DACA /* Release */ = {
			isa = XCBuildConfiguration;
			buildSettings = {
				ALWAYS_EMBED_SWIFT_STANDARD_LIBRARIES = YES;
				ASSETCATALOG_COMPILER_APPICON_NAME = AppIcon;
				"CODE_SIGN_IDENTITY[sdk=iphoneos*]" = "iPhone Developer";
				DEVELOPMENT_TEAM = Z7L2YCUH45;
				INFOPLIST_FILE = Demo/Info.plist;
				LD_RUNPATH_SEARCH_PATHS = (
					"$(inherited)",
					"@executable_path/Frameworks",
				);
				PRODUCT_BUNDLE_IDENTIFIER = "Cocoanetics.Kvitto-Demo";
				PRODUCT_NAME = KvittoDemo;
				PROVISIONING_PROFILE = "";
				PROVISIONING_PROFILE_SPECIFIER = "";
			};
			name = Release;
		};
		A79541D11BC3FA2000EC73B1 /* Debug */ = {
			isa = XCBuildConfiguration;
			buildSettings = {
				ALWAYS_SEARCH_USER_PATHS = NO;
				CLANG_CXX_LANGUAGE_STANDARD = "gnu++0x";
				CLANG_CXX_LIBRARY = "libc++";
				CLANG_ENABLE_MODULES = YES;
				CLANG_ENABLE_OBJC_ARC = YES;
				CLANG_WARN_BLOCK_CAPTURE_AUTORELEASING = YES;
				CLANG_WARN_BOOL_CONVERSION = YES;
				CLANG_WARN_COMMA = YES;
				CLANG_WARN_CONSTANT_CONVERSION = YES;
				CLANG_WARN_DIRECT_OBJC_ISA_USAGE = YES_ERROR;
				CLANG_WARN_EMPTY_BODY = YES;
				CLANG_WARN_ENUM_CONVERSION = YES;
				CLANG_WARN_INFINITE_RECURSION = YES;
				CLANG_WARN_INT_CONVERSION = YES;
				CLANG_WARN_NON_LITERAL_NULL_CONVERSION = YES;
				CLANG_WARN_OBJC_LITERAL_CONVERSION = YES;
				CLANG_WARN_OBJC_ROOT_CLASS = YES_ERROR;
				CLANG_WARN_RANGE_LOOP_ANALYSIS = YES;
				CLANG_WARN_STRICT_PROTOTYPES = YES;
				CLANG_WARN_SUSPICIOUS_MOVE = YES;
				CLANG_WARN_UNREACHABLE_CODE = YES;
				CLANG_WARN__DUPLICATE_METHOD_MATCH = YES;
				"CODE_SIGN_IDENTITY[sdk=iphoneos*]" = "iPhone Developer";
				COPY_PHASE_STRIP = NO;
				CURRENT_PROJECT_VERSION = 1.0.4;
				DEBUG_INFORMATION_FORMAT = dwarf;
				ENABLE_STRICT_OBJC_MSGSEND = YES;
				ENABLE_TESTABILITY = YES;
				GCC_C_LANGUAGE_STANDARD = gnu99;
				GCC_DYNAMIC_NO_PIC = NO;
				GCC_NO_COMMON_BLOCKS = YES;
				GCC_OPTIMIZATION_LEVEL = 0;
				GCC_PREPROCESSOR_DEFINITIONS = (
					"DEBUG=1",
					"$(inherited)",
				);
				GCC_WARN_64_TO_32_BIT_CONVERSION = YES;
				GCC_WARN_ABOUT_RETURN_TYPE = YES_ERROR;
				GCC_WARN_UNDECLARED_SELECTOR = YES;
				GCC_WARN_UNINITIALIZED_AUTOS = YES_AGGRESSIVE;
				GCC_WARN_UNUSED_FUNCTION = YES;
				GCC_WARN_UNUSED_VARIABLE = YES;
				IPHONEOS_DEPLOYMENT_TARGET = 9.0;
				MTL_ENABLE_DEBUG_INFO = YES;
				ONLY_ACTIVE_ARCH = YES;
				SDKROOT = iphoneos;
				SWIFT_OPTIMIZATION_LEVEL = "-Onone";
				TARGETED_DEVICE_FAMILY = "1,2";
			};
			name = Debug;
		};
		A79541D21BC3FA2000EC73B1 /* Release */ = {
			isa = XCBuildConfiguration;
			buildSettings = {
				ALWAYS_SEARCH_USER_PATHS = NO;
				CLANG_CXX_LANGUAGE_STANDARD = "gnu++0x";
				CLANG_CXX_LIBRARY = "libc++";
				CLANG_ENABLE_MODULES = YES;
				CLANG_ENABLE_OBJC_ARC = YES;
				CLANG_WARN_BLOCK_CAPTURE_AUTORELEASING = YES;
				CLANG_WARN_BOOL_CONVERSION = YES;
				CLANG_WARN_COMMA = YES;
				CLANG_WARN_CONSTANT_CONVERSION = YES;
				CLANG_WARN_DIRECT_OBJC_ISA_USAGE = YES_ERROR;
				CLANG_WARN_EMPTY_BODY = YES;
				CLANG_WARN_ENUM_CONVERSION = YES;
				CLANG_WARN_INFINITE_RECURSION = YES;
				CLANG_WARN_INT_CONVERSION = YES;
				CLANG_WARN_NON_LITERAL_NULL_CONVERSION = YES;
				CLANG_WARN_OBJC_LITERAL_CONVERSION = YES;
				CLANG_WARN_OBJC_ROOT_CLASS = YES_ERROR;
				CLANG_WARN_RANGE_LOOP_ANALYSIS = YES;
				CLANG_WARN_STRICT_PROTOTYPES = YES;
				CLANG_WARN_SUSPICIOUS_MOVE = YES;
				CLANG_WARN_UNREACHABLE_CODE = YES;
				CLANG_WARN__DUPLICATE_METHOD_MATCH = YES;
				"CODE_SIGN_IDENTITY[sdk=iphoneos*]" = "iPhone Developer";
				COPY_PHASE_STRIP = NO;
				CURRENT_PROJECT_VERSION = 1.0.4;
				DEBUG_INFORMATION_FORMAT = "dwarf-with-dsym";
				ENABLE_NS_ASSERTIONS = NO;
				ENABLE_STRICT_OBJC_MSGSEND = YES;
				GCC_C_LANGUAGE_STANDARD = gnu99;
				GCC_NO_COMMON_BLOCKS = YES;
				GCC_WARN_64_TO_32_BIT_CONVERSION = YES;
				GCC_WARN_ABOUT_RETURN_TYPE = YES_ERROR;
				GCC_WARN_UNDECLARED_SELECTOR = YES;
				GCC_WARN_UNINITIALIZED_AUTOS = YES_AGGRESSIVE;
				GCC_WARN_UNUSED_FUNCTION = YES;
				GCC_WARN_UNUSED_VARIABLE = YES;
				IPHONEOS_DEPLOYMENT_TARGET = 9.0;
				MTL_ENABLE_DEBUG_INFO = NO;
				SDKROOT = iphoneos;
				SWIFT_COMPILATION_MODE = wholemodule;
				SWIFT_OPTIMIZATION_LEVEL = "-O";
				TARGETED_DEVICE_FAMILY = "1,2";
				VALIDATE_PRODUCT = YES;
			};
			name = Release;
		};
		A795446E1BC3FC1600EC73B1 /* Debug */ = {
			isa = XCBuildConfiguration;
			buildSettings = {
				"CODE_SIGN_IDENTITY[sdk=iphoneos*]" = "";
				DEFINES_MODULE = YES;
				DYLIB_COMPATIBILITY_VERSION = 1;
				DYLIB_CURRENT_VERSION = 1;
				DYLIB_INSTALL_NAME_BASE = "@rpath";
				INFOPLIST_FILE = Core/Info.plist;
				INSTALL_PATH = "$(LOCAL_LIBRARY_DIR)/Frameworks";
				LD_RUNPATH_SEARCH_PATHS = (
					"$(inherited)",
					"@executable_path/Frameworks",
					"@loader_path/Frameworks",
				);
				PRODUCT_BUNDLE_IDENTIFIER = Cocoanetics.DTSalesReceipt;
				PRODUCT_NAME = Kvitto;
				SKIP_INSTALL = YES;
				SWIFT_SWIFT3_OBJC_INFERENCE = Default;
				SWIFT_VERSION = 5.0;
				VERSIONING_SYSTEM = "apple-generic";
				VERSION_INFO_PREFIX = "";
			};
			name = Debug;
		};
		A795446F1BC3FC1600EC73B1 /* Release */ = {
			isa = XCBuildConfiguration;
			buildSettings = {
				"CODE_SIGN_IDENTITY[sdk=iphoneos*]" = "";
				DEFINES_MODULE = YES;
				DYLIB_COMPATIBILITY_VERSION = 1;
				DYLIB_CURRENT_VERSION = 1;
				DYLIB_INSTALL_NAME_BASE = "@rpath";
				INFOPLIST_FILE = Core/Info.plist;
				INSTALL_PATH = "$(LOCAL_LIBRARY_DIR)/Frameworks";
				LD_RUNPATH_SEARCH_PATHS = (
					"$(inherited)",
					"@executable_path/Frameworks",
					"@loader_path/Frameworks",
				);
				PRODUCT_BUNDLE_IDENTIFIER = Cocoanetics.DTSalesReceipt;
				PRODUCT_NAME = Kvitto;
				SKIP_INSTALL = YES;
				SWIFT_SWIFT3_OBJC_INFERENCE = Default;
				SWIFT_VERSION = 5.0;
				VERSIONING_SYSTEM = "apple-generic";
				VERSION_INFO_PREFIX = "";
			};
			name = Release;
		};
		A79544711BC3FC1600EC73B1 /* Debug */ = {
			isa = XCBuildConfiguration;
			buildSettings = {
				INFOPLIST_FILE = Test/Info.plist;
				LD_RUNPATH_SEARCH_PATHS = (
					"$(inherited)",
					"@executable_path/Frameworks",
					"@loader_path/Frameworks",
				);
				PRODUCT_BUNDLE_IDENTIFIER = Cocoanetics.DTSalesReceiptTests;
				PRODUCT_NAME = "$(TARGET_NAME)";
				SWIFT_SWIFT3_OBJC_INFERENCE = Default;
				SWIFT_VERSION = 5.0;
			};
			name = Debug;
		};
		A79544721BC3FC1600EC73B1 /* Release */ = {
			isa = XCBuildConfiguration;
			buildSettings = {
				INFOPLIST_FILE = Test/Info.plist;
				LD_RUNPATH_SEARCH_PATHS = (
					"$(inherited)",
					"@executable_path/Frameworks",
					"@loader_path/Frameworks",
				);
				PRODUCT_BUNDLE_IDENTIFIER = Cocoanetics.DTSalesReceiptTests;
				PRODUCT_NAME = "$(TARGET_NAME)";
				SWIFT_SWIFT3_OBJC_INFERENCE = Default;
				SWIFT_VERSION = 5.0;
			};
			name = Release;
		};
/* End XCBuildConfiguration section */

/* Begin XCConfigurationList section */
		A70247BB1BC5763D0070DACA /* Build configuration list for PBXNativeTarget "Demo (iOS)" */ = {
			isa = XCConfigurationList;
			buildConfigurations = (
				A702479D1BC5763D0070DACA /* Debug */,
				A702479E1BC5763D0070DACA /* Coverage */,
				A702479F1BC5763D0070DACA /* Release */,
			);
			defaultConfigurationIsVisible = 0;
			defaultConfigurationName = Release;
		};
		A79541BC1BC3FA2000EC73B1 /* Build configuration list for PBXProject "Kvitto" */ = {
			isa = XCConfigurationList;
			buildConfigurations = (
				A79541D11BC3FA2000EC73B1 /* Debug */,
				A70247001BC55D4B0070DACA /* Coverage */,
				A79541D21BC3FA2000EC73B1 /* Release */,
			);
			defaultConfigurationIsVisible = 0;
			defaultConfigurationName = Release;
		};
		A795446D1BC3FC1600EC73B1 /* Build configuration list for PBXNativeTarget "Kvitto" */ = {
			isa = XCConfigurationList;
			buildConfigurations = (
				A795446E1BC3FC1600EC73B1 /* Debug */,
				A70247011BC55D4B0070DACA /* Coverage */,
				A795446F1BC3FC1600EC73B1 /* Release */,
			);
			defaultConfigurationIsVisible = 0;
			defaultConfigurationName = Release;
		};
		A79544701BC3FC1600EC73B1 /* Build configuration list for PBXNativeTarget "Unit Tests" */ = {
			isa = XCConfigurationList;
			buildConfigurations = (
				A79544711BC3FC1600EC73B1 /* Debug */,
				A70247021BC55D4B0070DACA /* Coverage */,
				A79544721BC3FC1600EC73B1 /* Release */,
			);
			defaultConfigurationIsVisible = 0;
			defaultConfigurationName = Release;
		};
/* End XCConfigurationList section */

/* Begin XCRemoteSwiftPackageReference section */
		A7C5670F2514DEE200463F1B /* XCRemoteSwiftPackageReference "DTFoundation" */ = {
			isa = XCRemoteSwiftPackageReference;
			repositoryURL = "https://github.com/Cocoanetics/DTFoundation.git";
			requirement = {
				branch = develop;
				kind = branch;
			};
		};
/* End XCRemoteSwiftPackageReference section */

/* Begin XCSwiftPackageProductDependency section */
		A7C39DF3253A492900D9DCB3 /* Kvitto */ = {
			isa = XCSwiftPackageProductDependency;
			productName = Kvitto;
		};
		A7C39DFB253A497D00D9DCB3 /* Kvitto */ = {
			isa = XCSwiftPackageProductDependency;
			productName = Kvitto;
		};
		A7C39E00253A49B000D9DCB3 /* Kvitto */ = {
			isa = XCSwiftPackageProductDependency;
			productName = Kvitto;
		};
		A7C39E02253A49B500D9DCB3 /* Kvitto */ = {
			isa = XCSwiftPackageProductDependency;
			productName = Kvitto;
		};
/* End XCSwiftPackageProductDependency section */
	};
	rootObject = A79541B91BC3FA2000EC73B1 /* Project object */;
}
