// !$*UTF8*$!
{
	archiveVersion = 1;
	classes = {
	};
	objectVersion = 46;
	objects = {

/* Begin PBXBuildFile section */
		A70247611BC56A000070DACA /* Kvitto.h in Headers */ = {isa = PBXBuildFile; fileRef = A7D95B091BC437F700AB8A21 /* Kvitto.h */; settings = {ATTRIBUTES = (Public, ); }; };
		A70247BC1BC576470070DACA /* Kvitto.framework in Frameworks */ = {isa = PBXBuildFile; fileRef = A795445C1BC3FC1600EC73B1 /* Kvitto.framework */; settings = {ATTRIBUTES = (Required, ); }; };
		A70247BD1BC576470070DACA /* Kvitto.framework in Embed Frameworks */ = {isa = PBXBuildFile; fileRef = A795445C1BC3FC1600EC73B1 /* Kvitto.framework */; settings = {ATTRIBUTES = (CodeSignOnCopy, RemoveHeadersOnCopy, ); }; };
		A70247C11BC5764F0070DACA /* DTFoundation.framework in Frameworks */ = {isa = PBXBuildFile; fileRef = A795442D1BC3FAC400EC73B1 /* DTFoundation.framework */; settings = {ATTRIBUTES = (Required, ); }; };
		A70247D91BC577520070DACA /* Assets.xcassets in Resources */ = {isa = PBXBuildFile; fileRef = A70247C51BC5771E0070DACA /* Assets.xcassets */; };
		A70247DA1BC577560070DACA /* LaunchScreen.storyboard in Resources */ = {isa = PBXBuildFile; fileRef = A70247C61BC5771E0070DACA /* LaunchScreen.storyboard */; };
		A70247DB1BC5775E0070DACA /* Main.storyboard in Resources */ = {isa = PBXBuildFile; fileRef = A70247C81BC5771F0070DACA /* Main.storyboard */; };
		A70247DC1BC5789A0070DACA /* sandboxReceipt in Resources */ = {isa = PBXBuildFile; fileRef = A79544771BC3FC5D00EC73B1 /* sandboxReceipt */; };
		A70247DD1BC578BC0070DACA /* ViewController.m in Sources */ = {isa = PBXBuildFile; fileRef = A70247CF1BC5771F0070DACA /* ViewController.m */; };
		A70247DE1BC578C40070DACA /* main.m in Sources */ = {isa = PBXBuildFile; fileRef = A70247CD1BC5771F0070DACA /* main.m */; };
		A70247DF1BC578C70070DACA /* AppDelegate.m in Sources */ = {isa = PBXBuildFile; fileRef = A70247CC1BC5771F0070DACA /* AppDelegate.m */; };
		A79544661BC3FC1600EC73B1 /* Kvitto.framework in Frameworks */ = {isa = PBXBuildFile; fileRef = A795445C1BC3FC1600EC73B1 /* Kvitto.framework */; };
		A79544951BC3FC7F00EC73B1 /* Receipt.swift in Sources */ = {isa = PBXBuildFile; fileRef = A79544941BC3FC7F00EC73B1 /* Receipt.swift */; };
		A795449A1BC3FFB900EC73B1 /* sandboxReceipt in Resources */ = {isa = PBXBuildFile; fileRef = A79544771BC3FC5D00EC73B1 /* sandboxReceipt */; };
		A7BEDD541BC57E4A00A4BFAB /* newReceipt in Resources */ = {isa = PBXBuildFile; fileRef = A7BEDD531BC57E4A00A4BFAB /* newReceipt */; };
		A7BEDD5C1BC583D000A4BFAB /* DTFoundation.framework in Embed Frameworks */ = {isa = PBXBuildFile; fileRef = A795442D1BC3FAC400EC73B1 /* DTFoundation.framework */; settings = {ATTRIBUTES = (CodeSignOnCopy, RemoveHeadersOnCopy, ); }; };
		A7BEDD611BC589DF00A4BFAB /* receipt in Resources */ = {isa = PBXBuildFile; fileRef = A7E815E21BC531AB00127748 /* receipt */; };
		A7BEDD7D1BC58AB000A4BFAB /* newReceipt in Resources */ = {isa = PBXBuildFile; fileRef = A7BEDD531BC57E4A00A4BFAB /* newReceipt */; };
		A7BEDD7E1BC58DCC00A4BFAB /* KvittoTests.swift in Sources */ = {isa = PBXBuildFile; fileRef = A7D95B101BC438D200AB8A21 /* KvittoTests.swift */; };
		A7D95AEC1BC40E0E00AB8A21 /* DTFoundation.framework in Frameworks */ = {isa = PBXBuildFile; fileRef = A795442D1BC3FAC400EC73B1 /* DTFoundation.framework */; };
		A7D95B151BC4FA9000AB8A21 /* InAppPurchaseReceipt.swift in Sources */ = {isa = PBXBuildFile; fileRef = A7D95B141BC4FA9000AB8A21 /* InAppPurchaseReceipt.swift */; };
		A7E8161C1BC5390C00127748 /* Functions.swift in Sources */ = {isa = PBXBuildFile; fileRef = A7E8161B1BC5390C00127748 /* Functions.swift */; };
		A7FEE9C01BC408E2002F8464 /* PKCS7Container.swift in Sources */ = {isa = PBXBuildFile; fileRef = A7FEE9BF1BC408E2002F8464 /* PKCS7Container.swift */; };
/* End PBXBuildFile section */

/* Begin PBXContainerItemProxy section */
		A70247BE1BC576470070DACA /* PBXContainerItemProxy */ = {
			isa = PBXContainerItemProxy;
			containerPortal = A79541B91BC3FA2000EC73B1 /* Project object */;
			proxyType = 1;
			remoteGlobalIDString = A795445B1BC3FC1600EC73B1;
			remoteInfo = "Kvitto (iOS)";
		};
		A79543FC1BC3FAC400EC73B1 /* PBXContainerItemProxy */ = {
			isa = PBXContainerItemProxy;
			containerPortal = A79542FA1BC3FAC400EC73B1 /* DTFoundation.xcodeproj */;
			proxyType = 2;
			remoteGlobalIDString = A70B4CE71486637E00873A4A;
			remoteInfo = "Static Library";
		};
		A79543FE1BC3FAC400EC73B1 /* PBXContainerItemProxy */ = {
			isa = PBXContainerItemProxy;
			containerPortal = A79542FA1BC3FAC400EC73B1 /* DTFoundation.xcodeproj */;
			proxyType = 2;
			remoteGlobalIDString = 384470EB1BA3330F0037C68D;
			remoteInfo = "Static Library (tvOS)";
		};
		A79544001BC3FAC400EC73B1 /* PBXContainerItemProxy */ = {
			isa = PBXContainerItemProxy;
			containerPortal = A79542FA1BC3FAC400EC73B1 /* DTFoundation.xcodeproj */;
			proxyType = 2;
			remoteGlobalIDString = A710A5001607556000437D36;
			remoteInfo = "Static Library (Mac)";
		};
		A79544021BC3FAC400EC73B1 /* PBXContainerItemProxy */ = {
			isa = PBXContainerItemProxy;
			containerPortal = A79542FA1BC3FAC400EC73B1 /* DTFoundation.xcodeproj */;
			proxyType = 2;
			remoteGlobalIDString = A7AC21AF196417830009E1B9;
			remoteInfo = "DTAnimatedGIF (iOS)";
		};
		A79544041BC3FAC400EC73B1 /* PBXContainerItemProxy */ = {
			isa = PBXContainerItemProxy;
			containerPortal = A79542FA1BC3FAC400EC73B1 /* DTFoundation.xcodeproj */;
			proxyType = 2;
			remoteGlobalIDString = A79D999C1792D1F50082BC06;
			remoteInfo = "DTAWS (iOS)";
		};
		A79544061BC3FAC400EC73B1 /* PBXContainerItemProxy */ = {
			isa = PBXContainerItemProxy;
			containerPortal = A79542FA1BC3FAC400EC73B1 /* DTFoundation.xcodeproj */;
			proxyType = 2;
			remoteGlobalIDString = FA9CB80C17ABDEF200A596C5;
			remoteInfo = "DTASN1 (iOS)";
		};
		A79544081BC3FAC400EC73B1 /* PBXContainerItemProxy */ = {
			isa = PBXContainerItemProxy;
			containerPortal = A79542FA1BC3FAC400EC73B1 /* DTFoundation.xcodeproj */;
			proxyType = 2;
			remoteGlobalIDString = A7E383C2160DFEDB00CF72D6;
			remoteInfo = "DTHTMLParser (iOS)";
		};
		A795440A1BC3FAC400EC73B1 /* PBXContainerItemProxy */ = {
			isa = PBXContainerItemProxy;
			containerPortal = A79542FA1BC3FAC400EC73B1 /* DTFoundation.xcodeproj */;
			proxyType = 2;
			remoteGlobalIDString = 3D7CE547166613B60028D339;
			remoteInfo = "DTHTMLParser (Mac)";
		};
		A795440C1BC3FAC400EC73B1 /* PBXContainerItemProxy */ = {
			isa = PBXContainerItemProxy;
			containerPortal = A79542FA1BC3FAC400EC73B1 /* DTFoundation.xcodeproj */;
			proxyType = 2;
			remoteGlobalIDString = F88FF6801920A83300120808;
			remoteInfo = "DTProgressHUD (iOS)";
		};
		A795440E1BC3FAC400EC73B1 /* PBXContainerItemProxy */ = {
			isa = PBXContainerItemProxy;
			containerPortal = A79542FA1BC3FAC400EC73B1 /* DTFoundation.xcodeproj */;
			proxyType = 2;
			remoteGlobalIDString = A72121DA173BFFB1003C6F0A;
			remoteInfo = "DTReachability (iOS)";
		};
		A79544101BC3FAC400EC73B1 /* PBXContainerItemProxy */ = {
			isa = PBXContainerItemProxy;
			containerPortal = A79542FA1BC3FAC400EC73B1 /* DTFoundation.xcodeproj */;
			proxyType = 2;
			remoteGlobalIDString = A72121EA173BFFED003C6F0A;
			remoteInfo = "DTReachability (Mac)";
		};
		A79544121BC3FAC400EC73B1 /* PBXContainerItemProxy */ = {
			isa = PBXContainerItemProxy;
			containerPortal = A79542FA1BC3FAC400EC73B1 /* DTFoundation.xcodeproj */;
			proxyType = 2;
			remoteGlobalIDString = A7C92B7A174FB8900019D70A;
			remoteInfo = "DTSQLite (iOS)";
		};
		A79544141BC3FAC400EC73B1 /* PBXContainerItemProxy */ = {
			isa = PBXContainerItemProxy;
			containerPortal = A79542FA1BC3FAC400EC73B1 /* DTFoundation.xcodeproj */;
			proxyType = 2;
			remoteGlobalIDString = A7C92B8C174FB9720019D70A;
			remoteInfo = "DTSQLite (Mac)";
		};
		A79544161BC3FAC400EC73B1 /* PBXContainerItemProxy */ = {
			isa = PBXContainerItemProxy;
			containerPortal = A79542FA1BC3FAC400EC73B1 /* DTFoundation.xcodeproj */;
			proxyType = 2;
			remoteGlobalIDString = A78220BA168060CA005B602D;
			remoteInfo = "DTUTI (iOS)";
		};
		A79544181BC3FAC400EC73B1 /* PBXContainerItemProxy */ = {
			isa = PBXContainerItemProxy;
			containerPortal = A79542FA1BC3FAC400EC73B1 /* DTFoundation.xcodeproj */;
			proxyType = 2;
			remoteGlobalIDString = A7E889A416A9B190009EF0DF;
			remoteInfo = "DTUTI (Mac)";
		};
		A795441A1BC3FAC400EC73B1 /* PBXContainerItemProxy */ = {
			isa = PBXContainerItemProxy;
			containerPortal = A79542FA1BC3FAC400EC73B1 /* DTFoundation.xcodeproj */;
			proxyType = 2;
			remoteGlobalIDString = A7E383DA160DFF8600CF72D6;
			remoteInfo = "DTZipArchive (iOS)";
		};
		A795441C1BC3FAC400EC73B1 /* PBXContainerItemProxy */ = {
			isa = PBXContainerItemProxy;
			containerPortal = A79542FA1BC3FAC400EC73B1 /* DTFoundation.xcodeproj */;
			proxyType = 2;
			remoteGlobalIDString = A7D8C7C21723174600025675;
			remoteInfo = "DTZipArchive (Mac)";
		};
		A795441E1BC3FAC400EC73B1 /* PBXContainerItemProxy */ = {
			isa = PBXContainerItemProxy;
			containerPortal = A79542FA1BC3FAC400EC73B1 /* DTFoundation.xcodeproj */;
			proxyType = 2;
			remoteGlobalIDString = A78381C31963F8D700AF09D3;
			remoteInfo = "DTAnimatedGIF Demo";
		};
		A79544201BC3FAC400EC73B1 /* PBXContainerItemProxy */ = {
			isa = PBXContainerItemProxy;
			containerPortal = A79542FA1BC3FAC400EC73B1 /* DTFoundation.xcodeproj */;
			proxyType = 2;
			remoteGlobalIDString = F88FF6A51920AAB600120808;
			remoteInfo = "DTProgressHUD Demo";
		};
		A79544221BC3FAC400EC73B1 /* PBXContainerItemProxy */ = {
			isa = PBXContainerItemProxy;
			containerPortal = A79542FA1BC3FAC400EC73B1 /* DTFoundation.xcodeproj */;
			proxyType = 2;
			remoteGlobalIDString = A7D9D62D1758C89800C29B6F;
			remoteInfo = "DTReachability Demo";
		};
		A79544241BC3FAC400EC73B1 /* PBXContainerItemProxy */ = {
			isa = PBXContainerItemProxy;
			containerPortal = A79542FA1BC3FAC400EC73B1 /* DTFoundation.xcodeproj */;
			proxyType = 2;
			remoteGlobalIDString = A70D74D01743AFBC00E6E626;
			remoteInfo = "DTSidePanels Demo";
		};
		A79544261BC3FAC400EC73B1 /* PBXContainerItemProxy */ = {
			isa = PBXContainerItemProxy;
			containerPortal = A79542FA1BC3FAC400EC73B1 /* DTFoundation.xcodeproj */;
			proxyType = 2;
			remoteGlobalIDString = FAF37A2017AFDD93009AC27C;
			remoteInfo = "DTZipArchive Demo";
		};
		A79544281BC3FAC400EC73B1 /* PBXContainerItemProxy */ = {
			isa = PBXContainerItemProxy;
			containerPortal = A79542FA1BC3FAC400EC73B1 /* DTFoundation.xcodeproj */;
			proxyType = 2;
			remoteGlobalIDString = FAC284E619B84B5F0010C385;
			remoteInfo = "DTActionSheet Demo";
		};
		A795442A1BC3FAC400EC73B1 /* PBXContainerItemProxy */ = {
			isa = PBXContainerItemProxy;
			containerPortal = A79542FA1BC3FAC400EC73B1 /* DTFoundation.xcodeproj */;
			proxyType = 2;
			remoteGlobalIDString = A7917C77191A312600964D63;
			remoteInfo = "Unit Tests";
		};
		A795442C1BC3FAC400EC73B1 /* PBXContainerItemProxy */ = {
			isa = PBXContainerItemProxy;
			containerPortal = A79542FA1BC3FAC400EC73B1 /* DTFoundation.xcodeproj */;
			proxyType = 2;
			remoteGlobalIDString = A7EA07B81A2B2F6A00B61CCE;
			remoteInfo = "DTFoundation (iOS)";
		};
		A795442E1BC3FAC400EC73B1 /* PBXContainerItemProxy */ = {
			isa = PBXContainerItemProxy;
			containerPortal = A79542FA1BC3FAC400EC73B1 /* DTFoundation.xcodeproj */;
			proxyType = 2;
			remoteGlobalIDString = A7EA07391A2B215200B61CCE;
			remoteInfo = "DTFoundation (OSX)";
		};
		A79544301BC3FAC400EC73B1 /* PBXContainerItemProxy */ = {
			isa = PBXContainerItemProxy;
			containerPortal = A79542FA1BC3FAC400EC73B1 /* DTFoundation.xcodeproj */;
			proxyType = 2;
			remoteGlobalIDString = 384471551BA33ED80037C68D;
			remoteInfo = "DTFoundation (tvOS)";
		};
		A79544671BC3FC1600EC73B1 /* PBXContainerItemProxy */ = {
			isa = PBXContainerItemProxy;
			containerPortal = A79541B91BC3FA2000EC73B1 /* Project object */;
			proxyType = 1;
			remoteGlobalIDString = A795445B1BC3FC1600EC73B1;
			remoteInfo = DTSalesReceipt;
		};
		A7BEDD5D1BC583D000A4BFAB /* PBXContainerItemProxy */ = {
			isa = PBXContainerItemProxy;
			containerPortal = A79542FA1BC3FAC400EC73B1 /* DTFoundation.xcodeproj */;
			proxyType = 1;
			remoteGlobalIDString = A7EA07B71A2B2F6A00B61CCE;
			remoteInfo = "DTFoundation (iOS)";
		};
		A7D95AEA1BC40E0700AB8A21 /* PBXContainerItemProxy */ = {
			isa = PBXContainerItemProxy;
			containerPortal = A79542FA1BC3FAC400EC73B1 /* DTFoundation.xcodeproj */;
			proxyType = 1;
			remoteGlobalIDString = A7EA07B71A2B2F6A00B61CCE;
			remoteInfo = "DTFoundation (iOS)";
		};
/* End PBXContainerItemProxy section */

/* Begin PBXCopyFilesBuildPhase section */
		A70247C01BC576480070DACA /* Embed Frameworks */ = {
			isa = PBXCopyFilesBuildPhase;
			buildActionMask = 2147483647;
			dstPath = "";
			dstSubfolderSpec = 10;
			files = (
				A70247BD1BC576470070DACA /* Kvitto.framework in Embed Frameworks */,
				A7BEDD5C1BC583D000A4BFAB /* DTFoundation.framework in Embed Frameworks */,
			);
			name = "Embed Frameworks";
			runOnlyForDeploymentPostprocessing = 0;
		};
/* End PBXCopyFilesBuildPhase section */

/* Begin PBXFileReference section */
		A70247891BC5763D0070DACA /* KvittoDemo.app */ = {isa = PBXFileReference; explicitFileType = wrapper.application; includeInIndex = 0; path = KvittoDemo.app; sourceTree = BUILT_PRODUCTS_DIR; };
		A70247C31BC5771E0070DACA /* Info.plist */ = {isa = PBXFileReference; fileEncoding = 4; lastKnownFileType = text.plist.xml; path = Info.plist; sourceTree = "<group>"; };
		A70247C51BC5771E0070DACA /* Assets.xcassets */ = {isa = PBXFileReference; lastKnownFileType = folder.assetcatalog; path = Assets.xcassets; sourceTree = "<group>"; };
		A70247C71BC5771E0070DACA /* Base */ = {isa = PBXFileReference; lastKnownFileType = file.storyboard; name = Base; path = Base.lproj/LaunchScreen.storyboard; sourceTree = "<group>"; };
		A70247C91BC5771F0070DACA /* Base */ = {isa = PBXFileReference; lastKnownFileType = file.storyboard; name = Base; path = Base.lproj/Main.storyboard; sourceTree = "<group>"; };
		A70247CB1BC5771F0070DACA /* AppDelegate.h */ = {isa = PBXFileReference; fileEncoding = 4; lastKnownFileType = sourcecode.c.h; path = AppDelegate.h; sourceTree = "<group>"; };
		A70247CC1BC5771F0070DACA /* AppDelegate.m */ = {isa = PBXFileReference; fileEncoding = 4; lastKnownFileType = sourcecode.c.objc; path = AppDelegate.m; sourceTree = "<group>"; };
		A70247CD1BC5771F0070DACA /* main.m */ = {isa = PBXFileReference; fileEncoding = 4; lastKnownFileType = sourcecode.c.objc; path = main.m; sourceTree = "<group>"; };
		A70247CE1BC5771F0070DACA /* ViewController.h */ = {isa = PBXFileReference; fileEncoding = 4; lastKnownFileType = sourcecode.c.h; path = ViewController.h; sourceTree = "<group>"; };
		A70247CF1BC5771F0070DACA /* ViewController.m */ = {isa = PBXFileReference; fileEncoding = 4; lastKnownFileType = sourcecode.c.objc; path = ViewController.m; sourceTree = "<group>"; };
		A79542FA1BC3FAC400EC73B1 /* DTFoundation.xcodeproj */ = {isa = PBXFileReference; lastKnownFileType = "wrapper.pb-project"; path = DTFoundation.xcodeproj; sourceTree = "<group>"; };
		A795445C1BC3FC1600EC73B1 /* Kvitto.framework */ = {isa = PBXFileReference; explicitFileType = wrapper.framework; includeInIndex = 0; path = Kvitto.framework; sourceTree = BUILT_PRODUCTS_DIR; };
		A79544651BC3FC1600EC73B1 /* Unit Tests.xctest */ = {isa = PBXFileReference; explicitFileType = wrapper.cfbundle; includeInIndex = 0; path = "Unit Tests.xctest"; sourceTree = BUILT_PRODUCTS_DIR; };
		A79544771BC3FC5D00EC73B1 /* sandboxReceipt */ = {isa = PBXFileReference; lastKnownFileType = file; path = sandboxReceipt; sourceTree = "<group>"; };
		A79544941BC3FC7F00EC73B1 /* Receipt.swift */ = {isa = PBXFileReference; fileEncoding = 4; lastKnownFileType = sourcecode.swift; path = Receipt.swift; sourceTree = "<group>"; };
		A7BEDD531BC57E4A00A4BFAB /* newReceipt */ = {isa = PBXFileReference; lastKnownFileType = file; path = newReceipt; sourceTree = "<group>"; };
		A7D95B091BC437F700AB8A21 /* Kvitto.h */ = {isa = PBXFileReference; lastKnownFileType = sourcecode.c.h; path = Kvitto.h; sourceTree = "<group>"; };
		A7D95B0A1BC437F700AB8A21 /* Info.plist */ = {isa = PBXFileReference; lastKnownFileType = text.plist.xml; path = Info.plist; sourceTree = "<group>"; };
		A7D95B0B1BC4387A00AB8A21 /* Info.plist */ = {isa = PBXFileReference; lastKnownFileType = text.plist.xml; path = Info.plist; sourceTree = "<group>"; };
		A7D95B101BC438D200AB8A21 /* KvittoTests.swift */ = {isa = PBXFileReference; fileEncoding = 4; lastKnownFileType = sourcecode.swift; path = KvittoTests.swift; sourceTree = "<group>"; };
		A7D95B141BC4FA9000AB8A21 /* InAppPurchaseReceipt.swift */ = {isa = PBXFileReference; fileEncoding = 4; lastKnownFileType = sourcecode.swift; path = InAppPurchaseReceipt.swift; sourceTree = "<group>"; };
		A7E815E21BC531AB00127748 /* receipt */ = {isa = PBXFileReference; lastKnownFileType = file; path = receipt; sourceTree = "<group>"; };
		A7E8161B1BC5390C00127748 /* Functions.swift */ = {isa = PBXFileReference; fileEncoding = 4; lastKnownFileType = sourcecode.swift; path = Functions.swift; sourceTree = "<group>"; };
		A7FEE9BF1BC408E2002F8464 /* PKCS7Container.swift */ = {isa = PBXFileReference; fileEncoding = 4; lastKnownFileType = sourcecode.swift; path = PKCS7Container.swift; sourceTree = "<group>"; };
/* End PBXFileReference section */

/* Begin PBXFrameworksBuildPhase section */
		A70247861BC5763D0070DACA /* Frameworks */ = {
			isa = PBXFrameworksBuildPhase;
			buildActionMask = 2147483647;
			files = (
				A70247C11BC5764F0070DACA /* DTFoundation.framework in Frameworks */,
				A70247BC1BC576470070DACA /* Kvitto.framework in Frameworks */,
			);
			runOnlyForDeploymentPostprocessing = 0;
		};
		A79544581BC3FC1600EC73B1 /* Frameworks */ = {
			isa = PBXFrameworksBuildPhase;
			buildActionMask = 2147483647;
			files = (
				A7D95AEC1BC40E0E00AB8A21 /* DTFoundation.framework in Frameworks */,
			);
			runOnlyForDeploymentPostprocessing = 0;
		};
		A79544621BC3FC1600EC73B1 /* Frameworks */ = {
			isa = PBXFrameworksBuildPhase;
			buildActionMask = 2147483647;
			files = (
				A79544661BC3FC1600EC73B1 /* Kvitto.framework in Frameworks */,
			);
			runOnlyForDeploymentPostprocessing = 0;
		};
/* End PBXFrameworksBuildPhase section */

/* Begin PBXGroup section */
		A70247C21BC5771E0070DACA /* Demo */ = {
			isa = PBXGroup;
			children = (
				A70247C31BC5771E0070DACA /* Info.plist */,
				A70247C41BC5771E0070DACA /* Resources */,
				A70247CA1BC5771F0070DACA /* Source */,
			);
			path = Demo;
			sourceTree = "<group>";
		};
		A70247C41BC5771E0070DACA /* Resources */ = {
			isa = PBXGroup;
			children = (
				A7BEDD531BC57E4A00A4BFAB /* newReceipt */,
				A70247C51BC5771E0070DACA /* Assets.xcassets */,
				A70247C61BC5771E0070DACA /* LaunchScreen.storyboard */,
				A70247C81BC5771F0070DACA /* Main.storyboard */,
			);
			path = Resources;
			sourceTree = "<group>";
		};
		A70247CA1BC5771F0070DACA /* Source */ = {
			isa = PBXGroup;
			children = (
				A70247CB1BC5771F0070DACA /* AppDelegate.h */,
				A70247CC1BC5771F0070DACA /* AppDelegate.m */,
				A70247CD1BC5771F0070DACA /* main.m */,
				A70247CE1BC5771F0070DACA /* ViewController.h */,
				A70247CF1BC5771F0070DACA /* ViewController.m */,
			);
			path = Source;
			sourceTree = "<group>";
		};
		A79541B81BC3FA2000EC73B1 = {
			isa = PBXGroup;
			children = (
				A70247C21BC5771E0070DACA /* Demo */,
				A79544791BC3FC5D00EC73B1 /* Core */,
				A79544731BC3FC5D00EC73B1 /* Test */,
				A79541D61BC3FAC300EC73B1 /* Externals */,
				A79541C21BC3FA2000EC73B1 /* Products */,
			);
			sourceTree = "<group>";
		};
		A79541C21BC3FA2000EC73B1 /* Products */ = {
			isa = PBXGroup;
			children = (
				A795445C1BC3FC1600EC73B1 /* Kvitto.framework */,
				A79544651BC3FC1600EC73B1 /* Unit Tests.xctest */,
				A70247891BC5763D0070DACA /* KvittoDemo.app */,
			);
			name = Products;
			sourceTree = "<group>";
		};
		A79541D61BC3FAC300EC73B1 /* Externals */ = {
			isa = PBXGroup;
			children = (
				A79541D71BC3FAC300EC73B1 /* DTFoundation */,
			);
			path = Externals;
			sourceTree = "<group>";
		};
		A79541D71BC3FAC300EC73B1 /* DTFoundation */ = {
			isa = PBXGroup;
			children = (
				A79542FA1BC3FAC400EC73B1 /* DTFoundation.xcodeproj */,
			);
			path = DTFoundation;
			sourceTree = "<group>";
		};
		A79542FB1BC3FAC400EC73B1 /* Products */ = {
			isa = PBXGroup;
			children = (
				A79543FD1BC3FAC400EC73B1 /* libDTFoundation.a */,
				A79543FF1BC3FAC400EC73B1 /* libStatic Library (tvOS).a */,
				A79544011BC3FAC400EC73B1 /* libDTFoundation_Mac.a */,
				A79544031BC3FAC400EC73B1 /* libDTAnimatedGIF.a */,
				A79544051BC3FAC400EC73B1 /* libDTAWS.a */,
				A79544071BC3FAC400EC73B1 /* libDTASN1.a */,
				A79544091BC3FAC400EC73B1 /* libDTHTMLParser_iOS.a */,
				A795440B1BC3FAC400EC73B1 /* libDTHTMLParser_Mac.a */,
				A795440D1BC3FAC400EC73B1 /* libDTProgressHUD_iOS.a */,
				A795440F1BC3FAC400EC73B1 /* libDTReachability_iOS.a */,
				A79544111BC3FAC400EC73B1 /* libDTReachability_Mac.a */,
				A79544131BC3FAC400EC73B1 /* libDTSQLite_iOS.a */,
				A79544151BC3FAC400EC73B1 /* libDTSQLite_Mac.a */,
				A79544171BC3FAC400EC73B1 /* libDTUTI_iOS.a */,
				A79544191BC3FAC400EC73B1 /* libDTUTI_Mac.a */,
				A795441B1BC3FAC400EC73B1 /* libDTZipArchive_iOS.a */,
				A795441D1BC3FAC400EC73B1 /* libDTZipArchive_Mac.a */,
				A795441F1BC3FAC400EC73B1 /* DTAnimatedGIF Demo.app */,
				A79544211BC3FAC400EC73B1 /* DTProgressHUD Demo.app */,
				A79544231BC3FAC400EC73B1 /* DTReachability Demo.app */,
				A79544251BC3FAC400EC73B1 /* DTSidePanels Demo.app */,
				A79544271BC3FAC400EC73B1 /* DTZipArchive.app */,
				A79544291BC3FAC400EC73B1 /* DTActionSheet Demo.app */,
				A795442B1BC3FAC400EC73B1 /* Unit Tests.xctest */,
				A795442D1BC3FAC400EC73B1 /* DTFoundation.framework */,
				A795442F1BC3FAC400EC73B1 /* DTFoundation.framework */,
				A79544311BC3FAC400EC73B1 /* DTFoundation.framework */,
			);
			name = Products;
			sourceTree = "<group>";
		};
		A79544731BC3FC5D00EC73B1 /* Test */ = {
			isa = PBXGroup;
			children = (
				A7D95B0B1BC4387A00AB8A21 /* Info.plist */,
				A79544961BC3FE5A00EC73B1 /* Source */,
				A79544751BC3FC5D00EC73B1 /* Resources */,
			);
			path = Test;
			sourceTree = "<group>";
		};
		A79544751BC3FC5D00EC73B1 /* Resources */ = {
			isa = PBXGroup;
			children = (
				A7E815E21BC531AB00127748 /* receipt */,
				A79544771BC3FC5D00EC73B1 /* sandboxReceipt */,
			);
			path = Resources;
			sourceTree = "<group>";
		};
		A79544791BC3FC5D00EC73B1 /* Core */ = {
			isa = PBXGroup;
			children = (
				A7D95B091BC437F700AB8A21 /* Kvitto.h */,
				A7D95B0A1BC437F700AB8A21 /* Info.plist */,
				A795447C1BC3FC5D00EC73B1 /* Source */,
			);
			path = Core;
			sourceTree = "<group>";
		};
		A795447C1BC3FC5D00EC73B1 /* Source */ = {
			isa = PBXGroup;
			children = (
				A7FEE9BF1BC408E2002F8464 /* PKCS7Container.swift */,
				A7D95B141BC4FA9000AB8A21 /* InAppPurchaseReceipt.swift */,
				A79544941BC3FC7F00EC73B1 /* Receipt.swift */,
				A7E8161B1BC5390C00127748 /* Functions.swift */,
			);
			path = Source;
			sourceTree = "<group>";
		};
		A79544961BC3FE5A00EC73B1 /* Source */ = {
			isa = PBXGroup;
			children = (
				A7D95B101BC438D200AB8A21 /* KvittoTests.swift */,
			);
			path = Source;
			sourceTree = "<group>";
		};
/* End PBXGroup section */

/* Begin PBXHeadersBuildPhase section */
		A79544591BC3FC1600EC73B1 /* Headers */ = {
			isa = PBXHeadersBuildPhase;
			buildActionMask = 2147483647;
			files = (
				A70247611BC56A000070DACA /* Kvitto.h in Headers */,
			);
			runOnlyForDeploymentPostprocessing = 0;
		};
/* End PBXHeadersBuildPhase section */

/* Begin PBXNativeTarget section */
		A70247881BC5763D0070DACA /* Demo (iOS) */ = {
			isa = PBXNativeTarget;
			buildConfigurationList = A70247BB1BC5763D0070DACA /* Build configuration list for PBXNativeTarget "Demo (iOS)" */;
			buildPhases = (
				A70247851BC5763D0070DACA /* Sources */,
				A70247861BC5763D0070DACA /* Frameworks */,
				A70247871BC5763D0070DACA /* Resources */,
				A70247C01BC576480070DACA /* Embed Frameworks */,
			);
			buildRules = (
			);
			dependencies = (
				A70247BF1BC576470070DACA /* PBXTargetDependency */,
				A7BEDD5E1BC583D000A4BFAB /* PBXTargetDependency */,
			);
			name = "Demo (iOS)";
			productName = "Kvitto Demo";
			productReference = A70247891BC5763D0070DACA /* KvittoDemo.app */;
			productType = "com.apple.product-type.application";
		};
		A795445B1BC3FC1600EC73B1 /* Kvitto */ = {
			isa = PBXNativeTarget;
			buildConfigurationList = A795446D1BC3FC1600EC73B1 /* Build configuration list for PBXNativeTarget "Kvitto" */;
			buildPhases = (
				A79544571BC3FC1600EC73B1 /* Sources */,
				A79544581BC3FC1600EC73B1 /* Frameworks */,
				A79544591BC3FC1600EC73B1 /* Headers */,
				A795445A1BC3FC1600EC73B1 /* Resources */,
			);
			buildRules = (
			);
			dependencies = (
				A7D95AEB1BC40E0700AB8A21 /* PBXTargetDependency */,
			);
			name = Kvitto;
			productName = DTSalesReceipt;
			productReference = A795445C1BC3FC1600EC73B1 /* Kvitto.framework */;
			productType = "com.apple.product-type.framework";
		};
		A79544641BC3FC1600EC73B1 /* Unit Tests */ = {
			isa = PBXNativeTarget;
			buildConfigurationList = A79544701BC3FC1600EC73B1 /* Build configuration list for PBXNativeTarget "Unit Tests" */;
			buildPhases = (
				A79544611BC3FC1600EC73B1 /* Sources */,
				A79544621BC3FC1600EC73B1 /* Frameworks */,
				A79544631BC3FC1600EC73B1 /* Resources */,
			);
			buildRules = (
			);
			dependencies = (
				A79544681BC3FC1600EC73B1 /* PBXTargetDependency */,
			);
			name = "Unit Tests";
			productName = DTSalesReceiptTests;
			productReference = A79544651BC3FC1600EC73B1 /* Unit Tests.xctest */;
			productType = "com.apple.product-type.bundle.unit-test";
		};
/* End PBXNativeTarget section */

/* Begin PBXProject section */
		A79541B91BC3FA2000EC73B1 /* Project object */ = {
			isa = PBXProject;
			attributes = {
				LastUpgradeCheck = 0920;
				ORGANIZATIONNAME = "Oliver Drobnik";
				TargetAttributes = {
					A70247881BC5763D0070DACA = {
						CreatedOnToolsVersion = 7.0;
						DevelopmentTeam = Z7L2YCUH45;
						ProvisioningStyle = Automatic;
					};
					A795445B1BC3FC1600EC73B1 = {
						CreatedOnToolsVersion = 7.0;
						LastSwiftMigration = 0920;
					};
					A79544641BC3FC1600EC73B1 = {
						CreatedOnToolsVersion = 7.0;
						LastSwiftMigration = 0920;
					};
				};
			};
			buildConfigurationList = A79541BC1BC3FA2000EC73B1 /* Build configuration list for PBXProject "Kvitto" */;
			compatibilityVersion = "Xcode 3.2";
			developmentRegion = English;
			hasScannedForEncodings = 0;
			knownRegions = (
				en,
				Base,
			);
			mainGroup = A79541B81BC3FA2000EC73B1;
			productRefGroup = A79541C21BC3FA2000EC73B1 /* Products */;
			projectDirPath = "";
			projectReferences = (
				{
					ProductGroup = A79542FB1BC3FAC400EC73B1 /* Products */;
					ProjectRef = A79542FA1BC3FAC400EC73B1 /* DTFoundation.xcodeproj */;
				},
			);
			projectRoot = "";
			targets = (
				A795445B1BC3FC1600EC73B1 /* Kvitto */,
				A79544641BC3FC1600EC73B1 /* Unit Tests */,
				A70247881BC5763D0070DACA /* Demo (iOS) */,
			);
		};
/* End PBXProject section */

/* Begin PBXReferenceProxy section */
		A79543FD1BC3FAC400EC73B1 /* libDTFoundation.a */ = {
			isa = PBXReferenceProxy;
			fileType = archive.ar;
			path = libDTFoundation.a;
			remoteRef = A79543FC1BC3FAC400EC73B1 /* PBXContainerItemProxy */;
			sourceTree = BUILT_PRODUCTS_DIR;
		};
		A79543FF1BC3FAC400EC73B1 /* libStatic Library (tvOS).a */ = {
			isa = PBXReferenceProxy;
			fileType = archive.ar;
			path = "libStatic Library (tvOS).a";
			remoteRef = A79543FE1BC3FAC400EC73B1 /* PBXContainerItemProxy */;
			sourceTree = BUILT_PRODUCTS_DIR;
		};
		A79544011BC3FAC400EC73B1 /* libDTFoundation_Mac.a */ = {
			isa = PBXReferenceProxy;
			fileType = archive.ar;
			path = libDTFoundation_Mac.a;
			remoteRef = A79544001BC3FAC400EC73B1 /* PBXContainerItemProxy */;
			sourceTree = BUILT_PRODUCTS_DIR;
		};
		A79544031BC3FAC400EC73B1 /* libDTAnimatedGIF.a */ = {
			isa = PBXReferenceProxy;
			fileType = archive.ar;
			path = libDTAnimatedGIF.a;
			remoteRef = A79544021BC3FAC400EC73B1 /* PBXContainerItemProxy */;
			sourceTree = BUILT_PRODUCTS_DIR;
		};
		A79544051BC3FAC400EC73B1 /* libDTAWS.a */ = {
			isa = PBXReferenceProxy;
			fileType = archive.ar;
			path = libDTAWS.a;
			remoteRef = A79544041BC3FAC400EC73B1 /* PBXContainerItemProxy */;
			sourceTree = BUILT_PRODUCTS_DIR;
		};
		A79544071BC3FAC400EC73B1 /* libDTASN1.a */ = {
			isa = PBXReferenceProxy;
			fileType = archive.ar;
			path = libDTASN1.a;
			remoteRef = A79544061BC3FAC400EC73B1 /* PBXContainerItemProxy */;
			sourceTree = BUILT_PRODUCTS_DIR;
		};
		A79544091BC3FAC400EC73B1 /* libDTHTMLParser_iOS.a */ = {
			isa = PBXReferenceProxy;
			fileType = archive.ar;
			path = libDTHTMLParser_iOS.a;
			remoteRef = A79544081BC3FAC400EC73B1 /* PBXContainerItemProxy */;
			sourceTree = BUILT_PRODUCTS_DIR;
		};
		A795440B1BC3FAC400EC73B1 /* libDTHTMLParser_Mac.a */ = {
			isa = PBXReferenceProxy;
			fileType = archive.ar;
			path = libDTHTMLParser_Mac.a;
			remoteRef = A795440A1BC3FAC400EC73B1 /* PBXContainerItemProxy */;
			sourceTree = BUILT_PRODUCTS_DIR;
		};
		A795440D1BC3FAC400EC73B1 /* libDTProgressHUD_iOS.a */ = {
			isa = PBXReferenceProxy;
			fileType = archive.ar;
			path = libDTProgressHUD_iOS.a;
			remoteRef = A795440C1BC3FAC400EC73B1 /* PBXContainerItemProxy */;
			sourceTree = BUILT_PRODUCTS_DIR;
		};
		A795440F1BC3FAC400EC73B1 /* libDTReachability_iOS.a */ = {
			isa = PBXReferenceProxy;
			fileType = archive.ar;
			path = libDTReachability_iOS.a;
			remoteRef = A795440E1BC3FAC400EC73B1 /* PBXContainerItemProxy */;
			sourceTree = BUILT_PRODUCTS_DIR;
		};
		A79544111BC3FAC400EC73B1 /* libDTReachability_Mac.a */ = {
			isa = PBXReferenceProxy;
			fileType = archive.ar;
			path = libDTReachability_Mac.a;
			remoteRef = A79544101BC3FAC400EC73B1 /* PBXContainerItemProxy */;
			sourceTree = BUILT_PRODUCTS_DIR;
		};
		A79544131BC3FAC400EC73B1 /* libDTSQLite_iOS.a */ = {
			isa = PBXReferenceProxy;
			fileType = archive.ar;
			path = libDTSQLite_iOS.a;
			remoteRef = A79544121BC3FAC400EC73B1 /* PBXContainerItemProxy */;
			sourceTree = BUILT_PRODUCTS_DIR;
		};
		A79544151BC3FAC400EC73B1 /* libDTSQLite_Mac.a */ = {
			isa = PBXReferenceProxy;
			fileType = archive.ar;
			path = libDTSQLite_Mac.a;
			remoteRef = A79544141BC3FAC400EC73B1 /* PBXContainerItemProxy */;
			sourceTree = BUILT_PRODUCTS_DIR;
		};
		A79544171BC3FAC400EC73B1 /* libDTUTI_iOS.a */ = {
			isa = PBXReferenceProxy;
			fileType = archive.ar;
			path = libDTUTI_iOS.a;
			remoteRef = A79544161BC3FAC400EC73B1 /* PBXContainerItemProxy */;
			sourceTree = BUILT_PRODUCTS_DIR;
		};
		A79544191BC3FAC400EC73B1 /* libDTUTI_Mac.a */ = {
			isa = PBXReferenceProxy;
			fileType = archive.ar;
			path = libDTUTI_Mac.a;
			remoteRef = A79544181BC3FAC400EC73B1 /* PBXContainerItemProxy */;
			sourceTree = BUILT_PRODUCTS_DIR;
		};
		A795441B1BC3FAC400EC73B1 /* libDTZipArchive_iOS.a */ = {
			isa = PBXReferenceProxy;
			fileType = archive.ar;
			path = libDTZipArchive_iOS.a;
			remoteRef = A795441A1BC3FAC400EC73B1 /* PBXContainerItemProxy */;
			sourceTree = BUILT_PRODUCTS_DIR;
		};
		A795441D1BC3FAC400EC73B1 /* libDTZipArchive_Mac.a */ = {
			isa = PBXReferenceProxy;
			fileType = archive.ar;
			path = libDTZipArchive_Mac.a;
			remoteRef = A795441C1BC3FAC400EC73B1 /* PBXContainerItemProxy */;
			sourceTree = BUILT_PRODUCTS_DIR;
		};
		A795441F1BC3FAC400EC73B1 /* DTAnimatedGIF Demo.app */ = {
			isa = PBXReferenceProxy;
			fileType = wrapper.application;
			path = "DTAnimatedGIF Demo.app";
			remoteRef = A795441E1BC3FAC400EC73B1 /* PBXContainerItemProxy */;
			sourceTree = BUILT_PRODUCTS_DIR;
		};
		A79544211BC3FAC400EC73B1 /* DTProgressHUD Demo.app */ = {
			isa = PBXReferenceProxy;
			fileType = wrapper.application;
			path = "DTProgressHUD Demo.app";
			remoteRef = A79544201BC3FAC400EC73B1 /* PBXContainerItemProxy */;
			sourceTree = BUILT_PRODUCTS_DIR;
		};
		A79544231BC3FAC400EC73B1 /* DTReachability Demo.app */ = {
			isa = PBXReferenceProxy;
			fileType = wrapper.application;
			path = "DTReachability Demo.app";
			remoteRef = A79544221BC3FAC400EC73B1 /* PBXContainerItemProxy */;
			sourceTree = BUILT_PRODUCTS_DIR;
		};
		A79544251BC3FAC400EC73B1 /* DTSidePanels Demo.app */ = {
			isa = PBXReferenceProxy;
			fileType = wrapper.application;
			path = "DTSidePanels Demo.app";
			remoteRef = A79544241BC3FAC400EC73B1 /* PBXContainerItemProxy */;
			sourceTree = BUILT_PRODUCTS_DIR;
		};
		A79544271BC3FAC400EC73B1 /* DTZipArchive.app */ = {
			isa = PBXReferenceProxy;
			fileType = wrapper.application;
			path = DTZipArchive.app;
			remoteRef = A79544261BC3FAC400EC73B1 /* PBXContainerItemProxy */;
			sourceTree = BUILT_PRODUCTS_DIR;
		};
		A79544291BC3FAC400EC73B1 /* DTActionSheet Demo.app */ = {
			isa = PBXReferenceProxy;
			fileType = wrapper.application;
			path = "DTActionSheet Demo.app";
			remoteRef = A79544281BC3FAC400EC73B1 /* PBXContainerItemProxy */;
			sourceTree = BUILT_PRODUCTS_DIR;
		};
		A795442B1BC3FAC400EC73B1 /* Unit Tests.xctest */ = {
			isa = PBXReferenceProxy;
			fileType = wrapper.cfbundle;
			path = "Unit Tests.xctest";
			remoteRef = A795442A1BC3FAC400EC73B1 /* PBXContainerItemProxy */;
			sourceTree = BUILT_PRODUCTS_DIR;
		};
		A795442D1BC3FAC400EC73B1 /* DTFoundation.framework */ = {
			isa = PBXReferenceProxy;
			fileType = wrapper.framework;
			path = DTFoundation.framework;
			remoteRef = A795442C1BC3FAC400EC73B1 /* PBXContainerItemProxy */;
			sourceTree = BUILT_PRODUCTS_DIR;
		};
		A795442F1BC3FAC400EC73B1 /* DTFoundation.framework */ = {
			isa = PBXReferenceProxy;
			fileType = wrapper.framework;
			path = DTFoundation.framework;
			remoteRef = A795442E1BC3FAC400EC73B1 /* PBXContainerItemProxy */;
			sourceTree = BUILT_PRODUCTS_DIR;
		};
		A79544311BC3FAC400EC73B1 /* DTFoundation.framework */ = {
			isa = PBXReferenceProxy;
			fileType = wrapper.framework;
			path = DTFoundation.framework;
			remoteRef = A79544301BC3FAC400EC73B1 /* PBXContainerItemProxy */;
			sourceTree = BUILT_PRODUCTS_DIR;
		};
/* End PBXReferenceProxy section */

/* Begin PBXResourcesBuildPhase section */
		A70247871BC5763D0070DACA /* Resources */ = {
			isa = PBXResourcesBuildPhase;
			buildActionMask = 2147483647;
			files = (
				A7BEDD541BC57E4A00A4BFAB /* newReceipt in Resources */,
				A70247DB1BC5775E0070DACA /* Main.storyboard in Resources */,
				A70247DC1BC5789A0070DACA /* sandboxReceipt in Resources */,
				A70247D91BC577520070DACA /* Assets.xcassets in Resources */,
				A70247DA1BC577560070DACA /* LaunchScreen.storyboard in Resources */,
			);
			runOnlyForDeploymentPostprocessing = 0;
		};
		A795445A1BC3FC1600EC73B1 /* Resources */ = {
			isa = PBXResourcesBuildPhase;
			buildActionMask = 2147483647;
			files = (
			);
			runOnlyForDeploymentPostprocessing = 0;
		};
		A79544631BC3FC1600EC73B1 /* Resources */ = {
			isa = PBXResourcesBuildPhase;
			buildActionMask = 2147483647;
			files = (
				A7BEDD7D1BC58AB000A4BFAB /* newReceipt in Resources */,
				A795449A1BC3FFB900EC73B1 /* sandboxReceipt in Resources */,
				A7BEDD611BC589DF00A4BFAB /* receipt in Resources */,
			);
			runOnlyForDeploymentPostprocessing = 0;
		};
/* End PBXResourcesBuildPhase section */

/* Begin PBXSourcesBuildPhase section */
		A70247851BC5763D0070DACA /* Sources */ = {
			isa = PBXSourcesBuildPhase;
			buildActionMask = 2147483647;
			files = (
				A70247DE1BC578C40070DACA /* main.m in Sources */,
				A70247DD1BC578BC0070DACA /* ViewController.m in Sources */,
				A70247DF1BC578C70070DACA /* AppDelegate.m in Sources */,
			);
			runOnlyForDeploymentPostprocessing = 0;
		};
		A79544571BC3FC1600EC73B1 /* Sources */ = {
			isa = PBXSourcesBuildPhase;
			buildActionMask = 2147483647;
			files = (
				A7FEE9C01BC408E2002F8464 /* PKCS7Container.swift in Sources */,
				A7D95B151BC4FA9000AB8A21 /* InAppPurchaseReceipt.swift in Sources */,
				A79544951BC3FC7F00EC73B1 /* Receipt.swift in Sources */,
				A7E8161C1BC5390C00127748 /* Functions.swift in Sources */,
			);
			runOnlyForDeploymentPostprocessing = 0;
		};
		A79544611BC3FC1600EC73B1 /* Sources */ = {
			isa = PBXSourcesBuildPhase;
			buildActionMask = 2147483647;
			files = (
				A7BEDD7E1BC58DCC00A4BFAB /* KvittoTests.swift in Sources */,
			);
			runOnlyForDeploymentPostprocessing = 0;
		};
/* End PBXSourcesBuildPhase section */

/* Begin PBXTargetDependency section */
		A70247BF1BC576470070DACA /* PBXTargetDependency */ = {
			isa = PBXTargetDependency;
			target = A795445B1BC3FC1600EC73B1 /* Kvitto */;
			targetProxy = A70247BE1BC576470070DACA /* PBXContainerItemProxy */;
		};
		A79544681BC3FC1600EC73B1 /* PBXTargetDependency */ = {
			isa = PBXTargetDependency;
			target = A795445B1BC3FC1600EC73B1 /* Kvitto */;
			targetProxy = A79544671BC3FC1600EC73B1 /* PBXContainerItemProxy */;
		};
		A7BEDD5E1BC583D000A4BFAB /* PBXTargetDependency */ = {
			isa = PBXTargetDependency;
			name = "DTFoundation (iOS)";
			targetProxy = A7BEDD5D1BC583D000A4BFAB /* PBXContainerItemProxy */;
		};
		A7D95AEB1BC40E0700AB8A21 /* PBXTargetDependency */ = {
			isa = PBXTargetDependency;
			name = "DTFoundation (iOS)";
			targetProxy = A7D95AEA1BC40E0700AB8A21 /* PBXContainerItemProxy */;
		};
/* End PBXTargetDependency section */

/* Begin PBXVariantGroup section */
		A70247C61BC5771E0070DACA /* LaunchScreen.storyboard */ = {
			isa = PBXVariantGroup;
			children = (
				A70247C71BC5771E0070DACA /* Base */,
			);
			name = LaunchScreen.storyboard;
			sourceTree = "<group>";
		};
		A70247C81BC5771F0070DACA /* Main.storyboard */ = {
			isa = PBXVariantGroup;
			children = (
				A70247C91BC5771F0070DACA /* Base */,
			);
			name = Main.storyboard;
			sourceTree = "<group>";
		};
/* End PBXVariantGroup section */

/* Begin XCBuildConfiguration section */
		A70247001BC55D4B0070DACA /* Coverage */ = {
			isa = XCBuildConfiguration;
			buildSettings = {
				ALWAYS_SEARCH_USER_PATHS = NO;
				CLANG_CXX_LANGUAGE_STANDARD = "gnu++0x";
				CLANG_CXX_LIBRARY = "libc++";
				CLANG_ENABLE_MODULES = YES;
				CLANG_ENABLE_OBJC_ARC = YES;
				CLANG_WARN_BLOCK_CAPTURE_AUTORELEASING = YES;
				CLANG_WARN_BOOL_CONVERSION = YES;
				CLANG_WARN_COMMA = YES;
				CLANG_WARN_CONSTANT_CONVERSION = YES;
				CLANG_WARN_DIRECT_OBJC_ISA_USAGE = YES_ERROR;
				CLANG_WARN_EMPTY_BODY = YES;
				CLANG_WARN_ENUM_CONVERSION = YES;
				CLANG_WARN_INFINITE_RECURSION = YES;
				CLANG_WARN_INT_CONVERSION = YES;
				CLANG_WARN_NON_LITERAL_NULL_CONVERSION = YES;
				CLANG_WARN_OBJC_LITERAL_CONVERSION = YES;
				CLANG_WARN_OBJC_ROOT_CLASS = YES_ERROR;
				CLANG_WARN_RANGE_LOOP_ANALYSIS = YES;
				CLANG_WARN_STRICT_PROTOTYPES = YES;
				CLANG_WARN_SUSPICIOUS_MOVE = YES;
				CLANG_WARN_UNREACHABLE_CODE = YES;
				CLANG_WARN__DUPLICATE_METHOD_MATCH = YES;
				"CODE_SIGN_IDENTITY[sdk=iphoneos*]" = "iPhone Developer";
				COPY_PHASE_STRIP = NO;
				DEBUG_INFORMATION_FORMAT = dwarf;
				ENABLE_STRICT_OBJC_MSGSEND = YES;
				ENABLE_TESTABILITY = YES;
				GCC_C_LANGUAGE_STANDARD = gnu99;
				GCC_DYNAMIC_NO_PIC = NO;
				GCC_GENERATE_TEST_COVERAGE_FILES = YES;
				GCC_INSTRUMENT_PROGRAM_FLOW_ARCS = YES;
				GCC_NO_COMMON_BLOCKS = YES;
				GCC_OPTIMIZATION_LEVEL = 0;
				GCC_PREPROCESSOR_DEFINITIONS = (
					"DEBUG=1",
					"$(inherited)",
				);
				GCC_WARN_64_TO_32_BIT_CONVERSION = YES;
				GCC_WARN_ABOUT_RETURN_TYPE = YES_ERROR;
				GCC_WARN_UNDECLARED_SELECTOR = YES;
				GCC_WARN_UNINITIALIZED_AUTOS = YES_AGGRESSIVE;
				GCC_WARN_UNUSED_FUNCTION = YES;
				GCC_WARN_UNUSED_VARIABLE = YES;
				IPHONEOS_DEPLOYMENT_TARGET = 8.0;
				MTL_ENABLE_DEBUG_INFO = YES;
				ONLY_ACTIVE_ARCH = YES;
				SDKROOT = iphoneos;
				SWIFT_OPTIMIZATION_LEVEL = "-Onone";
				TARGETED_DEVICE_FAMILY = "1,2";
			};
			name = Coverage;
		};
		A70247011BC55D4B0070DACA /* Coverage */ = {
			isa = XCBuildConfiguration;
			buildSettings = {
				"CODE_SIGN_IDENTITY[sdk=iphoneos*]" = "";
				CURRENT_PROJECT_VERSION = 1;
				DEFINES_MODULE = YES;
				DYLIB_COMPATIBILITY_VERSION = 1;
				DYLIB_CURRENT_VERSION = 1;
				DYLIB_INSTALL_NAME_BASE = "@rpath";
				INFOPLIST_FILE = Core/Info.plist;
				INSTALL_PATH = "$(LOCAL_LIBRARY_DIR)/Frameworks";
				LD_RUNPATH_SEARCH_PATHS = "$(inherited) @executable_path/Frameworks @loader_path/Frameworks";
				PRODUCT_BUNDLE_IDENTIFIER = Cocoanetics.DTSalesReceipt;
				PRODUCT_NAME = Kvitto;
				SKIP_INSTALL = YES;
				SWIFT_SWIFT3_OBJC_INFERENCE = Default;
				SWIFT_VERSION = 4.0;
				VERSIONING_SYSTEM = "apple-generic";
				VERSION_INFO_PREFIX = "";
			};
			name = Coverage;
		};
		A70247021BC55D4B0070DACA /* Coverage */ = {
			isa = XCBuildConfiguration;
			buildSettings = {
				INFOPLIST_FILE = Test/Info.plist;
				LD_RUNPATH_SEARCH_PATHS = "$(inherited) @executable_path/Frameworks @loader_path/Frameworks";
				PRODUCT_BUNDLE_IDENTIFIER = Cocoanetics.DTSalesReceiptTests;
				PRODUCT_NAME = "$(TARGET_NAME)";
				SWIFT_SWIFT3_OBJC_INFERENCE = Default;
				SWIFT_VERSION = 4.0;
			};
			name = Coverage;
		};
		A702479D1BC5763D0070DACA /* Debug */ = {
			isa = XCBuildConfiguration;
			buildSettings = {
				ALWAYS_EMBED_SWIFT_STANDARD_LIBRARIES = YES;
				ASSETCATALOG_COMPILER_APPICON_NAME = AppIcon;
				"CODE_SIGN_IDENTITY[sdk=iphoneos*]" = "iPhone Developer";
				DEVELOPMENT_TEAM = Z7L2YCUH45;
				INFOPLIST_FILE = Demo/Info.plist;
				LD_RUNPATH_SEARCH_PATHS = "$(inherited) @executable_path/Frameworks";
				PRODUCT_BUNDLE_IDENTIFIER = "Cocoanetics.Kvitto-Demo";
				PRODUCT_NAME = KvittoDemo;
				PROVISIONING_PROFILE = "";
				PROVISIONING_PROFILE_SPECIFIER = "";
			};
			name = Debug;
		};
		A702479E1BC5763D0070DACA /* Coverage */ = {
			isa = XCBuildConfiguration;
			buildSettings = {
				ALWAYS_EMBED_SWIFT_STANDARD_LIBRARIES = YES;
				ASSETCATALOG_COMPILER_APPICON_NAME = AppIcon;
				"CODE_SIGN_IDENTITY[sdk=iphoneos*]" = "iPhone Developer";
				DEVELOPMENT_TEAM = Z7L2YCUH45;
				INFOPLIST_FILE = Demo/Info.plist;
				LD_RUNPATH_SEARCH_PATHS = "$(inherited) @executable_path/Frameworks";
				PRODUCT_BUNDLE_IDENTIFIER = "Cocoanetics.Kvitto-Demo";
				PRODUCT_NAME = KvittoDemo;
				PROVISIONING_PROFILE = "";
				PROVISIONING_PROFILE_SPECIFIER = "";
			};
			name = Coverage;
		};
		A702479F1BC5763D0070DACA /* Release */ = {
			isa = XCBuildConfiguration;
			buildSettings = {
				ALWAYS_EMBED_SWIFT_STANDARD_LIBRARIES = YES;
				ASSETCATALOG_COMPILER_APPICON_NAME = AppIcon;
				"CODE_SIGN_IDENTITY[sdk=iphoneos*]" = "iPhone Developer";
				DEVELOPMENT_TEAM = Z7L2YCUH45;
				INFOPLIST_FILE = Demo/Info.plist;
				LD_RUNPATH_SEARCH_PATHS = "$(inherited) @executable_path/Frameworks";
				PRODUCT_BUNDLE_IDENTIFIER = "Cocoanetics.Kvitto-Demo";
				PRODUCT_NAME = KvittoDemo;
				PROVISIONING_PROFILE = "";
				PROVISIONING_PROFILE_SPECIFIER = "";
			};
			name = Release;
		};
		A79541D11BC3FA2000EC73B1 /* Debug */ = {
			isa = XCBuildConfiguration;
			buildSettings = {
				ALWAYS_SEARCH_USER_PATHS = NO;
				CLANG_CXX_LANGUAGE_STANDARD = "gnu++0x";
				CLANG_CXX_LIBRARY = "libc++";
				CLANG_ENABLE_MODULES = YES;
				CLANG_ENABLE_OBJC_ARC = YES;
				CLANG_WARN_BLOCK_CAPTURE_AUTORELEASING = YES;
				CLANG_WARN_BOOL_CONVERSION = YES;
				CLANG_WARN_COMMA = YES;
				CLANG_WARN_CONSTANT_CONVERSION = YES;
				CLANG_WARN_DIRECT_OBJC_ISA_USAGE = YES_ERROR;
				CLANG_WARN_EMPTY_BODY = YES;
				CLANG_WARN_ENUM_CONVERSION = YES;
				CLANG_WARN_INFINITE_RECURSION = YES;
				CLANG_WARN_INT_CONVERSION = YES;
				CLANG_WARN_NON_LITERAL_NULL_CONVERSION = YES;
				CLANG_WARN_OBJC_LITERAL_CONVERSION = YES;
				CLANG_WARN_OBJC_ROOT_CLASS = YES_ERROR;
				CLANG_WARN_RANGE_LOOP_ANALYSIS = YES;
				CLANG_WARN_STRICT_PROTOTYPES = YES;
				CLANG_WARN_SUSPICIOUS_MOVE = YES;
				CLANG_WARN_UNREACHABLE_CODE = YES;
				CLANG_WARN__DUPLICATE_METHOD_MATCH = YES;
				"CODE_SIGN_IDENTITY[sdk=iphoneos*]" = "iPhone Developer";
				COPY_PHASE_STRIP = NO;
				DEBUG_INFORMATION_FORMAT = dwarf;
				ENABLE_STRICT_OBJC_MSGSEND = YES;
				ENABLE_TESTABILITY = YES;
				GCC_C_LANGUAGE_STANDARD = gnu99;
				GCC_DYNAMIC_NO_PIC = NO;
				GCC_NO_COMMON_BLOCKS = YES;
				GCC_OPTIMIZATION_LEVEL = 0;
				GCC_PREPROCESSOR_DEFINITIONS = (
					"DEBUG=1",
					"$(inherited)",
				);
				GCC_WARN_64_TO_32_BIT_CONVERSION = YES;
				GCC_WARN_ABOUT_RETURN_TYPE = YES_ERROR;
				GCC_WARN_UNDECLARED_SELECTOR = YES;
				GCC_WARN_UNINITIALIZED_AUTOS = YES_AGGRESSIVE;
				GCC_WARN_UNUSED_FUNCTION = YES;
				GCC_WARN_UNUSED_VARIABLE = YES;
				IPHONEOS_DEPLOYMENT_TARGET = 8.0;
				MTL_ENABLE_DEBUG_INFO = YES;
				ONLY_ACTIVE_ARCH = YES;
				SDKROOT = iphoneos;
				SWIFT_OPTIMIZATION_LEVEL = "-Onone";
				TARGETED_DEVICE_FAMILY = "1,2";
			};
			name = Debug;
		};
		A79541D21BC3FA2000EC73B1 /* Release */ = {
			isa = XCBuildConfiguration;
			buildSettings = {
				ALWAYS_SEARCH_USER_PATHS = NO;
				CLANG_CXX_LANGUAGE_STANDARD = "gnu++0x";
				CLANG_CXX_LIBRARY = "libc++";
				CLANG_ENABLE_MODULES = YES;
				CLANG_ENABLE_OBJC_ARC = YES;
				CLANG_WARN_BLOCK_CAPTURE_AUTORELEASING = YES;
				CLANG_WARN_BOOL_CONVERSION = YES;
				CLANG_WARN_COMMA = YES;
				CLANG_WARN_CONSTANT_CONVERSION = YES;
				CLANG_WARN_DIRECT_OBJC_ISA_USAGE = YES_ERROR;
				CLANG_WARN_EMPTY_BODY = YES;
				CLANG_WARN_ENUM_CONVERSION = YES;
				CLANG_WARN_INFINITE_RECURSION = YES;
				CLANG_WARN_INT_CONVERSION = YES;
				CLANG_WARN_NON_LITERAL_NULL_CONVERSION = YES;
				CLANG_WARN_OBJC_LITERAL_CONVERSION = YES;
				CLANG_WARN_OBJC_ROOT_CLASS = YES_ERROR;
				CLANG_WARN_RANGE_LOOP_ANALYSIS = YES;
				CLANG_WARN_STRICT_PROTOTYPES = YES;
				CLANG_WARN_SUSPICIOUS_MOVE = YES;
				CLANG_WARN_UNREACHABLE_CODE = YES;
				CLANG_WARN__DUPLICATE_METHOD_MATCH = YES;
				"CODE_SIGN_IDENTITY[sdk=iphoneos*]" = "iPhone Developer";
				COPY_PHASE_STRIP = NO;
				DEBUG_INFORMATION_FORMAT = "dwarf-with-dsym";
				ENABLE_NS_ASSERTIONS = NO;
				ENABLE_STRICT_OBJC_MSGSEND = YES;
				GCC_C_LANGUAGE_STANDARD = gnu99;
				GCC_NO_COMMON_BLOCKS = YES;
				GCC_WARN_64_TO_32_BIT_CONVERSION = YES;
				GCC_WARN_ABOUT_RETURN_TYPE = YES_ERROR;
				GCC_WARN_UNDECLARED_SELECTOR = YES;
				GCC_WARN_UNINITIALIZED_AUTOS = YES_AGGRESSIVE;
				GCC_WARN_UNUSED_FUNCTION = YES;
				GCC_WARN_UNUSED_VARIABLE = YES;
				IPHONEOS_DEPLOYMENT_TARGET = 8.0;
				MTL_ENABLE_DEBUG_INFO = NO;
				SDKROOT = iphoneos;
				SWIFT_OPTIMIZATION_LEVEL = "-Owholemodule";
				TARGETED_DEVICE_FAMILY = "1,2";
				VALIDATE_PRODUCT = YES;
			};
			name = Release;
		};
		A795446E1BC3FC1600EC73B1 /* Debug */ = {
			isa = XCBuildConfiguration;
			buildSettings = {
				"CODE_SIGN_IDENTITY[sdk=iphoneos*]" = "";
				CURRENT_PROJECT_VERSION = 1;
				DEFINES_MODULE = YES;
				DYLIB_COMPATIBILITY_VERSION = 1;
				DYLIB_CURRENT_VERSION = 1;
				DYLIB_INSTALL_NAME_BASE = "@rpath";
				INFOPLIST_FILE = Core/Info.plist;
				INSTALL_PATH = "$(LOCAL_LIBRARY_DIR)/Frameworks";
				LD_RUNPATH_SEARCH_PATHS = "$(inherited) @executable_path/Frameworks @loader_path/Frameworks";
				PRODUCT_BUNDLE_IDENTIFIER = Cocoanetics.DTSalesReceipt;
				PRODUCT_NAME = Kvitto;
				SKIP_INSTALL = YES;
				SWIFT_SWIFT3_OBJC_INFERENCE = Default;
				SWIFT_VERSION = 4.0;
				VERSIONING_SYSTEM = "apple-generic";
				VERSION_INFO_PREFIX = "";
			};
			name = Debug;
		};
		A795446F1BC3FC1600EC73B1 /* Release */ = {
			isa = XCBuildConfiguration;
			buildSettings = {
				"CODE_SIGN_IDENTITY[sdk=iphoneos*]" = "";
				CURRENT_PROJECT_VERSION = 1;
				DEFINES_MODULE = YES;
				DYLIB_COMPATIBILITY_VERSION = 1;
				DYLIB_CURRENT_VERSION = 1;
				DYLIB_INSTALL_NAME_BASE = "@rpath";
				INFOPLIST_FILE = Core/Info.plist;
				INSTALL_PATH = "$(LOCAL_LIBRARY_DIR)/Frameworks";
				LD_RUNPATH_SEARCH_PATHS = "$(inherited) @executable_path/Frameworks @loader_path/Frameworks";
				PRODUCT_BUNDLE_IDENTIFIER = Cocoanetics.DTSalesReceipt;
				PRODUCT_NAME = Kvitto;
				SKIP_INSTALL = YES;
				SWIFT_SWIFT3_OBJC_INFERENCE = Default;
				SWIFT_VERSION = 4.0;
				VERSIONING_SYSTEM = "apple-generic";
				VERSION_INFO_PREFIX = "";
			};
			name = Release;
		};
		A79544711BC3FC1600EC73B1 /* Debug */ = {
			isa = XCBuildConfiguration;
			buildSettings = {
				INFOPLIST_FILE = Test/Info.plist;
				LD_RUNPATH_SEARCH_PATHS = "$(inherited) @executable_path/Frameworks @loader_path/Frameworks";
				PRODUCT_BUNDLE_IDENTIFIER = Cocoanetics.DTSalesReceiptTests;
				PRODUCT_NAME = "$(TARGET_NAME)";
				SWIFT_SWIFT3_OBJC_INFERENCE = Default;
				SWIFT_VERSION = 4.0;
			};
			name = Debug;
		};
		A79544721BC3FC1600EC73B1 /* Release */ = {
			isa = XCBuildConfiguration;
			buildSettings = {
				INFOPLIST_FILE = Test/Info.plist;
				LD_RUNPATH_SEARCH_PATHS = "$(inherited) @executable_path/Frameworks @loader_path/Frameworks";
				PRODUCT_BUNDLE_IDENTIFIER = Cocoanetics.DTSalesReceiptTests;
				PRODUCT_NAME = "$(TARGET_NAME)";
				SWIFT_SWIFT3_OBJC_INFERENCE = Default;
				SWIFT_VERSION = 4.0;
			};
			name = Release;
		};
/* End XCBuildConfiguration section */

/* Begin XCConfigurationList section */
		A70247BB1BC5763D0070DACA /* Build configuration list for PBXNativeTarget "Demo (iOS)" */ = {
			isa = XCConfigurationList;
			buildConfigurations = (
				A702479D1BC5763D0070DACA /* Debug */,
				A702479E1BC5763D0070DACA /* Coverage */,
				A702479F1BC5763D0070DACA /* Release */,
			);
			defaultConfigurationIsVisible = 0;
			defaultConfigurationName = Release;
		};
		A79541BC1BC3FA2000EC73B1 /* Build configuration list for PBXProject "Kvitto" */ = {
			isa = XCConfigurationList;
			buildConfigurations = (
				A79541D11BC3FA2000EC73B1 /* Debug */,
				A70247001BC55D4B0070DACA /* Coverage */,
				A79541D21BC3FA2000EC73B1 /* Release */,
			);
			defaultConfigurationIsVisible = 0;
			defaultConfigurationName = Release;
		};
		A795446D1BC3FC1600EC73B1 /* Build configuration list for PBXNativeTarget "Kvitto" */ = {
			isa = XCConfigurationList;
			buildConfigurations = (
				A795446E1BC3FC1600EC73B1 /* Debug */,
				A70247011BC55D4B0070DACA /* Coverage */,
				A795446F1BC3FC1600EC73B1 /* Release */,
			);
			defaultConfigurationIsVisible = 0;
			defaultConfigurationName = Release;
		};
		A79544701BC3FC1600EC73B1 /* Build configuration list for PBXNativeTarget "Unit Tests" */ = {
			isa = XCConfigurationList;
			buildConfigurations = (
				A79544711BC3FC1600EC73B1 /* Debug */,
				A70247021BC55D4B0070DACA /* Coverage */,
				A79544721BC3FC1600EC73B1 /* Release */,
			);
			defaultConfigurationIsVisible = 0;
			defaultConfigurationName = Release;
		};
/* End XCConfigurationList section */
	};
	rootObject = A79541B91BC3FA2000EC73B1 /* Project object */;
}
